
Microsoft Visual Studio Solution File, Format Version 12.00
# Visual Studio 2012
VisualStudioVersion = 14.0.24720.0
MinimumVisualStudioVersion = 10.0.40219.1
Project("{FAE04EC0-301F-11D3-BF4B-00C04F79EFBC}") = "Heroes.Droid", "Heroes\Heroes.Droid\Heroes.Droid.csproj", "{0254BC48-1877-423D-9853-02BE4C44C655}"
EndProject
Project("{FAE04EC0-301F-11D3-BF4B-00C04F79EFBC}") = "Heroes.iOS", "Heroes\Heroes.iOS\Heroes.iOS.csproj", "{74480E02-3ED4-45AF-898C-23F05C4EA848}"
EndProject
Project("{FAE04EC0-301F-11D3-BF4B-00C04F79EFBC}") = "Heroes.WinPhone", "Heroes\Heroes.WinPhone\Heroes.WinPhone.csproj", "{EDD297BA-E8D0-423C-A447-3A1278E5A895}"
EndProject
Project("{FAE04EC0-301F-11D3-BF4B-00C04F79EFBC}") = "Heroes.UWP", "Heroes\Heroes.UWP\Heroes.UWP.csproj", "{882793B3-AC47-42F7-893D-15B2A6A86D18}"
EndProject
Project("{FAE04EC0-301F-11D3-BF4B-00C04F79EFBC}") = "Heroes.Windows", "Heroes\Heroes.Windows\Heroes.Windows.csproj", "{736CC905-FFC7-4C9D-9A2D-F4CC11F14DF6}"
EndProject
Project("{FAE04EC0-301F-11D3-BF4B-00C04F79EFBC}") = "Heroes", "Heroes\Heroes\Heroes.csproj", "{CD8A647F-6056-49B0-B093-98150D4E2F94}"
EndProject
Project("{FAE04EC0-301F-11D3-BF4B-00C04F79EFBC}") = "Core", "Core\Core\Core.csproj", "{BA4A8B99-EC5A-42D1-8FC0-8A305800655A}"
EndProject
Project("{FAE04EC0-301F-11D3-BF4B-00C04F79EFBC}") = "Core.Droid", "Core\Core.Droid\Core.Droid.csproj", "{7B40190B-5FA5-4708-B459-B967831C7592}"
EndProject
Global
	GlobalSection(SolutionConfigurationPlatforms) = preSolution
		Ad-Hoc|Any CPU = Ad-Hoc|Any CPU
		Ad-Hoc|ARM = Ad-Hoc|ARM
		Ad-Hoc|iPhone = Ad-Hoc|iPhone
		Ad-Hoc|iPhoneSimulator = Ad-Hoc|iPhoneSimulator
		Ad-Hoc|x64 = Ad-Hoc|x64
		Ad-Hoc|x86 = Ad-Hoc|x86
		AppStore|Any CPU = AppStore|Any CPU
		AppStore|ARM = AppStore|ARM
		AppStore|iPhone = AppStore|iPhone
		AppStore|iPhoneSimulator = AppStore|iPhoneSimulator
		AppStore|x64 = AppStore|x64
		AppStore|x86 = AppStore|x86
		Debug|Any CPU = Debug|Any CPU
		Debug|ARM = Debug|ARM
		Debug|iPhone = Debug|iPhone
		Debug|iPhoneSimulator = Debug|iPhoneSimulator
		Debug|x64 = Debug|x64
		Debug|x86 = Debug|x86
		DebugAndroid|Any CPU = DebugAndroid|Any CPU
		DebugAndroid|ARM = DebugAndroid|ARM
		DebugAndroid|iPhone = DebugAndroid|iPhone
		DebugAndroid|iPhoneSimulator = DebugAndroid|iPhoneSimulator
		DebugAndroid|x64 = DebugAndroid|x64
		DebugAndroid|x86 = DebugAndroid|x86
		GorillaPlayerDebug|Any CPU = GorillaPlayerDebug|Any CPU
		GorillaPlayerDebug|ARM = GorillaPlayerDebug|ARM
		GorillaPlayerDebug|iPhone = GorillaPlayerDebug|iPhone
		GorillaPlayerDebug|iPhoneSimulator = GorillaPlayerDebug|iPhoneSimulator
		GorillaPlayerDebug|x64 = GorillaPlayerDebug|x64
		GorillaPlayerDebug|x86 = GorillaPlayerDebug|x86
		Release|Any CPU = Release|Any CPU
		Release|ARM = Release|ARM
		Release|iPhone = Release|iPhone
		Release|iPhoneSimulator = Release|iPhoneSimulator
		Release|x64 = Release|x64
		Release|x86 = Release|x86
	EndGlobalSection
	GlobalSection(ProjectConfigurationPlatforms) = postSolution
		{0254BC48-1877-423D-9853-02BE4C44C655}.Ad-Hoc|Any CPU.ActiveCfg = Release|Any CPU
		{0254BC48-1877-423D-9853-02BE4C44C655}.Ad-Hoc|Any CPU.Build.0 = Release|Any CPU
		{0254BC48-1877-423D-9853-02BE4C44C655}.Ad-Hoc|Any CPU.Deploy.0 = Release|Any CPU
		{0254BC48-1877-423D-9853-02BE4C44C655}.Ad-Hoc|ARM.ActiveCfg = Release|Any CPU
		{0254BC48-1877-423D-9853-02BE4C44C655}.Ad-Hoc|ARM.Build.0 = Release|Any CPU
		{0254BC48-1877-423D-9853-02BE4C44C655}.Ad-Hoc|ARM.Deploy.0 = Release|Any CPU
		{0254BC48-1877-423D-9853-02BE4C44C655}.Ad-Hoc|iPhone.ActiveCfg = Release|Any CPU
		{0254BC48-1877-423D-9853-02BE4C44C655}.Ad-Hoc|iPhone.Build.0 = Release|Any CPU
		{0254BC48-1877-423D-9853-02BE4C44C655}.Ad-Hoc|iPhone.Deploy.0 = Release|Any CPU
		{0254BC48-1877-423D-9853-02BE4C44C655}.Ad-Hoc|iPhoneSimulator.ActiveCfg = Release|Any CPU
		{0254BC48-1877-423D-9853-02BE4C44C655}.Ad-Hoc|iPhoneSimulator.Build.0 = Release|Any CPU
		{0254BC48-1877-423D-9853-02BE4C44C655}.Ad-Hoc|iPhoneSimulator.Deploy.0 = Release|Any CPU
		{0254BC48-1877-423D-9853-02BE4C44C655}.Ad-Hoc|x64.ActiveCfg = Release|Any CPU
		{0254BC48-1877-423D-9853-02BE4C44C655}.Ad-Hoc|x64.Build.0 = Release|Any CPU
		{0254BC48-1877-423D-9853-02BE4C44C655}.Ad-Hoc|x64.Deploy.0 = Release|Any CPU
		{0254BC48-1877-423D-9853-02BE4C44C655}.Ad-Hoc|x86.ActiveCfg = Release|Any CPU
		{0254BC48-1877-423D-9853-02BE4C44C655}.Ad-Hoc|x86.Build.0 = Release|Any CPU
		{0254BC48-1877-423D-9853-02BE4C44C655}.Ad-Hoc|x86.Deploy.0 = Release|Any CPU
		{0254BC48-1877-423D-9853-02BE4C44C655}.AppStore|Any CPU.ActiveCfg = Release|Any CPU
		{0254BC48-1877-423D-9853-02BE4C44C655}.AppStore|Any CPU.Build.0 = Release|Any CPU
		{0254BC48-1877-423D-9853-02BE4C44C655}.AppStore|Any CPU.Deploy.0 = Release|Any CPU
		{0254BC48-1877-423D-9853-02BE4C44C655}.AppStore|ARM.ActiveCfg = Release|Any CPU
		{0254BC48-1877-423D-9853-02BE4C44C655}.AppStore|ARM.Build.0 = Release|Any CPU
		{0254BC48-1877-423D-9853-02BE4C44C655}.AppStore|ARM.Deploy.0 = Release|Any CPU
		{0254BC48-1877-423D-9853-02BE4C44C655}.AppStore|iPhone.ActiveCfg = Release|Any CPU
		{0254BC48-1877-423D-9853-02BE4C44C655}.AppStore|iPhone.Build.0 = Release|Any CPU
		{0254BC48-1877-423D-9853-02BE4C44C655}.AppStore|iPhone.Deploy.0 = Release|Any CPU
		{0254BC48-1877-423D-9853-02BE4C44C655}.AppStore|iPhoneSimulator.ActiveCfg = Release|Any CPU
		{0254BC48-1877-423D-9853-02BE4C44C655}.AppStore|iPhoneSimulator.Build.0 = Release|Any CPU
		{0254BC48-1877-423D-9853-02BE4C44C655}.AppStore|iPhoneSimulator.Deploy.0 = Release|Any CPU
		{0254BC48-1877-423D-9853-02BE4C44C655}.AppStore|x64.ActiveCfg = Release|Any CPU
		{0254BC48-1877-423D-9853-02BE4C44C655}.AppStore|x64.Build.0 = Release|Any CPU
		{0254BC48-1877-423D-9853-02BE4C44C655}.AppStore|x64.Deploy.0 = Release|Any CPU
		{0254BC48-1877-423D-9853-02BE4C44C655}.AppStore|x86.ActiveCfg = Release|Any CPU
		{0254BC48-1877-423D-9853-02BE4C44C655}.AppStore|x86.Build.0 = Release|Any CPU
		{0254BC48-1877-423D-9853-02BE4C44C655}.AppStore|x86.Deploy.0 = Release|Any CPU
		{0254BC48-1877-423D-9853-02BE4C44C655}.Debug|Any CPU.ActiveCfg = Debug|Any CPU
		{0254BC48-1877-423D-9853-02BE4C44C655}.Debug|Any CPU.Build.0 = Debug|Any CPU
		{0254BC48-1877-423D-9853-02BE4C44C655}.Debug|Any CPU.Deploy.0 = Debug|Any CPU
		{0254BC48-1877-423D-9853-02BE4C44C655}.Debug|ARM.ActiveCfg = Debug|Any CPU
		{0254BC48-1877-423D-9853-02BE4C44C655}.Debug|ARM.Build.0 = Debug|Any CPU
		{0254BC48-1877-423D-9853-02BE4C44C655}.Debug|ARM.Deploy.0 = Debug|Any CPU
		{0254BC48-1877-423D-9853-02BE4C44C655}.Debug|iPhone.ActiveCfg = Debug|Any CPU
		{0254BC48-1877-423D-9853-02BE4C44C655}.Debug|iPhone.Build.0 = Debug|Any CPU
		{0254BC48-1877-423D-9853-02BE4C44C655}.Debug|iPhone.Deploy.0 = Debug|Any CPU
		{0254BC48-1877-423D-9853-02BE4C44C655}.Debug|iPhoneSimulator.ActiveCfg = Debug|Any CPU
		{0254BC48-1877-423D-9853-02BE4C44C655}.Debug|iPhoneSimulator.Build.0 = Debug|Any CPU
		{0254BC48-1877-423D-9853-02BE4C44C655}.Debug|iPhoneSimulator.Deploy.0 = Debug|Any CPU
		{0254BC48-1877-423D-9853-02BE4C44C655}.Debug|x64.ActiveCfg = Debug|Any CPU
		{0254BC48-1877-423D-9853-02BE4C44C655}.Debug|x64.Build.0 = Debug|Any CPU
		{0254BC48-1877-423D-9853-02BE4C44C655}.Debug|x64.Deploy.0 = Debug|Any CPU
		{0254BC48-1877-423D-9853-02BE4C44C655}.Debug|x86.ActiveCfg = Debug|Any CPU
		{0254BC48-1877-423D-9853-02BE4C44C655}.Debug|x86.Build.0 = Debug|Any CPU
		{0254BC48-1877-423D-9853-02BE4C44C655}.Debug|x86.Deploy.0 = Debug|Any CPU
		{0254BC48-1877-423D-9853-02BE4C44C655}.DebugAndroid|Any CPU.ActiveCfg = DebugAndroid|Any CPU
		{0254BC48-1877-423D-9853-02BE4C44C655}.DebugAndroid|Any CPU.Build.0 = DebugAndroid|Any CPU
		{0254BC48-1877-423D-9853-02BE4C44C655}.DebugAndroid|Any CPU.Deploy.0 = DebugAndroid|Any CPU
		{0254BC48-1877-423D-9853-02BE4C44C655}.DebugAndroid|ARM.ActiveCfg = DebugAndroid|Any CPU
		{0254BC48-1877-423D-9853-02BE4C44C655}.DebugAndroid|ARM.Build.0 = DebugAndroid|Any CPU
		{0254BC48-1877-423D-9853-02BE4C44C655}.DebugAndroid|ARM.Deploy.0 = DebugAndroid|Any CPU
		{0254BC48-1877-423D-9853-02BE4C44C655}.DebugAndroid|iPhone.ActiveCfg = DebugAndroid|Any CPU
		{0254BC48-1877-423D-9853-02BE4C44C655}.DebugAndroid|iPhone.Build.0 = DebugAndroid|Any CPU
		{0254BC48-1877-423D-9853-02BE4C44C655}.DebugAndroid|iPhone.Deploy.0 = DebugAndroid|Any CPU
		{0254BC48-1877-423D-9853-02BE4C44C655}.DebugAndroid|iPhoneSimulator.ActiveCfg = DebugAndroid|Any CPU
		{0254BC48-1877-423D-9853-02BE4C44C655}.DebugAndroid|iPhoneSimulator.Build.0 = DebugAndroid|Any CPU
		{0254BC48-1877-423D-9853-02BE4C44C655}.DebugAndroid|iPhoneSimulator.Deploy.0 = DebugAndroid|Any CPU
		{0254BC48-1877-423D-9853-02BE4C44C655}.DebugAndroid|x64.ActiveCfg = DebugAndroid|Any CPU
		{0254BC48-1877-423D-9853-02BE4C44C655}.DebugAndroid|x64.Build.0 = DebugAndroid|Any CPU
		{0254BC48-1877-423D-9853-02BE4C44C655}.DebugAndroid|x64.Deploy.0 = DebugAndroid|Any CPU
		{0254BC48-1877-423D-9853-02BE4C44C655}.DebugAndroid|x86.ActiveCfg = DebugAndroid|Any CPU
		{0254BC48-1877-423D-9853-02BE4C44C655}.DebugAndroid|x86.Build.0 = DebugAndroid|Any CPU
		{0254BC48-1877-423D-9853-02BE4C44C655}.DebugAndroid|x86.Deploy.0 = DebugAndroid|Any CPU
		{0254BC48-1877-423D-9853-02BE4C44C655}.GorillaPlayerDebug|Any CPU.ActiveCfg = GorillaPlayerDebug|Any CPU
		{0254BC48-1877-423D-9853-02BE4C44C655}.GorillaPlayerDebug|Any CPU.Build.0 = GorillaPlayerDebug|Any CPU
		{0254BC48-1877-423D-9853-02BE4C44C655}.GorillaPlayerDebug|Any CPU.Deploy.0 = GorillaPlayerDebug|Any CPU
		{0254BC48-1877-423D-9853-02BE4C44C655}.GorillaPlayerDebug|ARM.ActiveCfg = GorillaPlayerDebug|Any CPU
		{0254BC48-1877-423D-9853-02BE4C44C655}.GorillaPlayerDebug|ARM.Build.0 = GorillaPlayerDebug|Any CPU
		{0254BC48-1877-423D-9853-02BE4C44C655}.GorillaPlayerDebug|ARM.Deploy.0 = GorillaPlayerDebug|Any CPU
		{0254BC48-1877-423D-9853-02BE4C44C655}.GorillaPlayerDebug|iPhone.ActiveCfg = GorillaPlayerDebug|Any CPU
		{0254BC48-1877-423D-9853-02BE4C44C655}.GorillaPlayerDebug|iPhone.Build.0 = GorillaPlayerDebug|Any CPU
		{0254BC48-1877-423D-9853-02BE4C44C655}.GorillaPlayerDebug|iPhone.Deploy.0 = GorillaPlayerDebug|Any CPU
		{0254BC48-1877-423D-9853-02BE4C44C655}.GorillaPlayerDebug|iPhoneSimulator.ActiveCfg = GorillaPlayerDebug|Any CPU
		{0254BC48-1877-423D-9853-02BE4C44C655}.GorillaPlayerDebug|iPhoneSimulator.Build.0 = GorillaPlayerDebug|Any CPU
		{0254BC48-1877-423D-9853-02BE4C44C655}.GorillaPlayerDebug|iPhoneSimulator.Deploy.0 = GorillaPlayerDebug|Any CPU
		{0254BC48-1877-423D-9853-02BE4C44C655}.GorillaPlayerDebug|x64.ActiveCfg = GorillaPlayerDebug|Any CPU
		{0254BC48-1877-423D-9853-02BE4C44C655}.GorillaPlayerDebug|x64.Build.0 = GorillaPlayerDebug|Any CPU
		{0254BC48-1877-423D-9853-02BE4C44C655}.GorillaPlayerDebug|x64.Deploy.0 = GorillaPlayerDebug|Any CPU
		{0254BC48-1877-423D-9853-02BE4C44C655}.GorillaPlayerDebug|x86.ActiveCfg = GorillaPlayerDebug|Any CPU
		{0254BC48-1877-423D-9853-02BE4C44C655}.GorillaPlayerDebug|x86.Build.0 = GorillaPlayerDebug|Any CPU
		{0254BC48-1877-423D-9853-02BE4C44C655}.GorillaPlayerDebug|x86.Deploy.0 = GorillaPlayerDebug|Any CPU
		{0254BC48-1877-423D-9853-02BE4C44C655}.Release|Any CPU.ActiveCfg = Release|Any CPU
		{0254BC48-1877-423D-9853-02BE4C44C655}.Release|Any CPU.Build.0 = Release|Any CPU
		{0254BC48-1877-423D-9853-02BE4C44C655}.Release|Any CPU.Deploy.0 = Release|Any CPU
		{0254BC48-1877-423D-9853-02BE4C44C655}.Release|ARM.ActiveCfg = Release|Any CPU
		{0254BC48-1877-423D-9853-02BE4C44C655}.Release|ARM.Build.0 = Release|Any CPU
		{0254BC48-1877-423D-9853-02BE4C44C655}.Release|ARM.Deploy.0 = Release|Any CPU
		{0254BC48-1877-423D-9853-02BE4C44C655}.Release|iPhone.ActiveCfg = Release|Any CPU
		{0254BC48-1877-423D-9853-02BE4C44C655}.Release|iPhone.Build.0 = Release|Any CPU
		{0254BC48-1877-423D-9853-02BE4C44C655}.Release|iPhone.Deploy.0 = Release|Any CPU
		{0254BC48-1877-423D-9853-02BE4C44C655}.Release|iPhoneSimulator.ActiveCfg = Release|Any CPU
		{0254BC48-1877-423D-9853-02BE4C44C655}.Release|iPhoneSimulator.Build.0 = Release|Any CPU
		{0254BC48-1877-423D-9853-02BE4C44C655}.Release|iPhoneSimulator.Deploy.0 = Release|Any CPU
		{0254BC48-1877-423D-9853-02BE4C44C655}.Release|x64.ActiveCfg = Release|Any CPU
		{0254BC48-1877-423D-9853-02BE4C44C655}.Release|x64.Build.0 = Release|Any CPU
		{0254BC48-1877-423D-9853-02BE4C44C655}.Release|x64.Deploy.0 = Release|Any CPU
		{0254BC48-1877-423D-9853-02BE4C44C655}.Release|x86.ActiveCfg = Release|Any CPU
		{0254BC48-1877-423D-9853-02BE4C44C655}.Release|x86.Build.0 = Release|Any CPU
		{0254BC48-1877-423D-9853-02BE4C44C655}.Release|x86.Deploy.0 = Release|Any CPU
		{736CC905-FFC7-4C9D-9A2D-F4CC11F14DF6}.Ad-Hoc|Any CPU.ActiveCfg = Release|Any CPU
		{736CC905-FFC7-4C9D-9A2D-F4CC11F14DF6}.Ad-Hoc|Any CPU.Build.0 = Release|Any CPU
		{736CC905-FFC7-4C9D-9A2D-F4CC11F14DF6}.Ad-Hoc|Any CPU.Deploy.0 = Release|Any CPU
		{736CC905-FFC7-4C9D-9A2D-F4CC11F14DF6}.Ad-Hoc|ARM.ActiveCfg = Release|ARM
		{736CC905-FFC7-4C9D-9A2D-F4CC11F14DF6}.Ad-Hoc|ARM.Build.0 = Release|ARM
		{736CC905-FFC7-4C9D-9A2D-F4CC11F14DF6}.Ad-Hoc|ARM.Deploy.0 = Release|ARM
		{736CC905-FFC7-4C9D-9A2D-F4CC11F14DF6}.Ad-Hoc|iPhone.ActiveCfg = Release|Any CPU
		{736CC905-FFC7-4C9D-9A2D-F4CC11F14DF6}.Ad-Hoc|iPhone.Build.0 = Release|Any CPU
		{736CC905-FFC7-4C9D-9A2D-F4CC11F14DF6}.Ad-Hoc|iPhone.Deploy.0 = Release|Any CPU
		{736CC905-FFC7-4C9D-9A2D-F4CC11F14DF6}.Ad-Hoc|iPhoneSimulator.ActiveCfg = Release|Any CPU
		{736CC905-FFC7-4C9D-9A2D-F4CC11F14DF6}.Ad-Hoc|iPhoneSimulator.Build.0 = Release|Any CPU
		{736CC905-FFC7-4C9D-9A2D-F4CC11F14DF6}.Ad-Hoc|iPhoneSimulator.Deploy.0 = Release|Any CPU
		{736CC905-FFC7-4C9D-9A2D-F4CC11F14DF6}.Ad-Hoc|x64.ActiveCfg = Release|x64
		{736CC905-FFC7-4C9D-9A2D-F4CC11F14DF6}.Ad-Hoc|x64.Build.0 = Release|x64
		{736CC905-FFC7-4C9D-9A2D-F4CC11F14DF6}.Ad-Hoc|x64.Deploy.0 = Release|x64
		{736CC905-FFC7-4C9D-9A2D-F4CC11F14DF6}.Ad-Hoc|x86.ActiveCfg = Release|x86
		{736CC905-FFC7-4C9D-9A2D-F4CC11F14DF6}.Ad-Hoc|x86.Build.0 = Release|x86
		{736CC905-FFC7-4C9D-9A2D-F4CC11F14DF6}.Ad-Hoc|x86.Deploy.0 = Release|x86
		{736CC905-FFC7-4C9D-9A2D-F4CC11F14DF6}.AppStore|Any CPU.ActiveCfg = Release|Any CPU
		{736CC905-FFC7-4C9D-9A2D-F4CC11F14DF6}.AppStore|Any CPU.Build.0 = Release|Any CPU
		{736CC905-FFC7-4C9D-9A2D-F4CC11F14DF6}.AppStore|Any CPU.Deploy.0 = Release|Any CPU
		{736CC905-FFC7-4C9D-9A2D-F4CC11F14DF6}.AppStore|ARM.ActiveCfg = Release|ARM
		{736CC905-FFC7-4C9D-9A2D-F4CC11F14DF6}.AppStore|ARM.Build.0 = Release|ARM
		{736CC905-FFC7-4C9D-9A2D-F4CC11F14DF6}.AppStore|ARM.Deploy.0 = Release|ARM
		{736CC905-FFC7-4C9D-9A2D-F4CC11F14DF6}.AppStore|iPhone.ActiveCfg = Release|Any CPU
		{736CC905-FFC7-4C9D-9A2D-F4CC11F14DF6}.AppStore|iPhone.Build.0 = Release|Any CPU
		{736CC905-FFC7-4C9D-9A2D-F4CC11F14DF6}.AppStore|iPhone.Deploy.0 = Release|Any CPU
		{736CC905-FFC7-4C9D-9A2D-F4CC11F14DF6}.AppStore|iPhoneSimulator.ActiveCfg = Release|Any CPU
		{736CC905-FFC7-4C9D-9A2D-F4CC11F14DF6}.AppStore|iPhoneSimulator.Build.0 = Release|Any CPU
		{736CC905-FFC7-4C9D-9A2D-F4CC11F14DF6}.AppStore|iPhoneSimulator.Deploy.0 = Release|Any CPU
		{736CC905-FFC7-4C9D-9A2D-F4CC11F14DF6}.AppStore|x64.ActiveCfg = Release|x64
		{736CC905-FFC7-4C9D-9A2D-F4CC11F14DF6}.AppStore|x64.Build.0 = Release|x64
		{736CC905-FFC7-4C9D-9A2D-F4CC11F14DF6}.AppStore|x64.Deploy.0 = Release|x64
		{736CC905-FFC7-4C9D-9A2D-F4CC11F14DF6}.AppStore|x86.ActiveCfg = Release|x86
		{736CC905-FFC7-4C9D-9A2D-F4CC11F14DF6}.AppStore|x86.Build.0 = Release|x86
		{736CC905-FFC7-4C9D-9A2D-F4CC11F14DF6}.AppStore|x86.Deploy.0 = Release|x86
		{736CC905-FFC7-4C9D-9A2D-F4CC11F14DF6}.Debug|Any CPU.ActiveCfg = Debug|Any CPU
		{736CC905-FFC7-4C9D-9A2D-F4CC11F14DF6}.Debug|Any CPU.Build.0 = Debug|Any CPU
		{736CC905-FFC7-4C9D-9A2D-F4CC11F14DF6}.Debug|Any CPU.Deploy.0 = Debug|Any CPU
		{736CC905-FFC7-4C9D-9A2D-F4CC11F14DF6}.Debug|ARM.ActiveCfg = Debug|ARM
		{736CC905-FFC7-4C9D-9A2D-F4CC11F14DF6}.Debug|ARM.Build.0 = Debug|ARM
		{736CC905-FFC7-4C9D-9A2D-F4CC11F14DF6}.Debug|ARM.Deploy.0 = Debug|ARM
		{736CC905-FFC7-4C9D-9A2D-F4CC11F14DF6}.Debug|iPhone.ActiveCfg = Debug|Any CPU
		{736CC905-FFC7-4C9D-9A2D-F4CC11F14DF6}.Debug|iPhone.Build.0 = Debug|Any CPU
		{736CC905-FFC7-4C9D-9A2D-F4CC11F14DF6}.Debug|iPhone.Deploy.0 = Debug|Any CPU
		{736CC905-FFC7-4C9D-9A2D-F4CC11F14DF6}.Debug|iPhoneSimulator.ActiveCfg = Debug|Any CPU
		{736CC905-FFC7-4C9D-9A2D-F4CC11F14DF6}.Debug|iPhoneSimulator.Build.0 = Debug|Any CPU
		{736CC905-FFC7-4C9D-9A2D-F4CC11F14DF6}.Debug|iPhoneSimulator.Deploy.0 = Debug|Any CPU
		{736CC905-FFC7-4C9D-9A2D-F4CC11F14DF6}.Debug|x64.ActiveCfg = Debug|x64
		{736CC905-FFC7-4C9D-9A2D-F4CC11F14DF6}.Debug|x64.Build.0 = Debug|x64
		{736CC905-FFC7-4C9D-9A2D-F4CC11F14DF6}.Debug|x64.Deploy.0 = Debug|x64
		{736CC905-FFC7-4C9D-9A2D-F4CC11F14DF6}.Debug|x86.ActiveCfg = Debug|x86
		{736CC905-FFC7-4C9D-9A2D-F4CC11F14DF6}.Debug|x86.Build.0 = Debug|x86
		{736CC905-FFC7-4C9D-9A2D-F4CC11F14DF6}.Debug|x86.Deploy.0 = Debug|x86
		{736CC905-FFC7-4C9D-9A2D-F4CC11F14DF6}.DebugAndroid|Any CPU.ActiveCfg = DebugAndroid|Any CPU
		{736CC905-FFC7-4C9D-9A2D-F4CC11F14DF6}.DebugAndroid|ARM.ActiveCfg = DebugAndroid|ARM
		{736CC905-FFC7-4C9D-9A2D-F4CC11F14DF6}.DebugAndroid|ARM.Build.0 = DebugAndroid|ARM
		{736CC905-FFC7-4C9D-9A2D-F4CC11F14DF6}.DebugAndroid|ARM.Deploy.0 = DebugAndroid|ARM
		{736CC905-FFC7-4C9D-9A2D-F4CC11F14DF6}.DebugAndroid|iPhone.ActiveCfg = DebugAndroid|Any CPU
		{736CC905-FFC7-4C9D-9A2D-F4CC11F14DF6}.DebugAndroid|iPhone.Build.0 = DebugAndroid|Any CPU
		{736CC905-FFC7-4C9D-9A2D-F4CC11F14DF6}.DebugAndroid|iPhone.Deploy.0 = DebugAndroid|Any CPU
		{736CC905-FFC7-4C9D-9A2D-F4CC11F14DF6}.DebugAndroid|iPhoneSimulator.ActiveCfg = DebugAndroid|Any CPU
		{736CC905-FFC7-4C9D-9A2D-F4CC11F14DF6}.DebugAndroid|iPhoneSimulator.Build.0 = DebugAndroid|Any CPU
		{736CC905-FFC7-4C9D-9A2D-F4CC11F14DF6}.DebugAndroid|iPhoneSimulator.Deploy.0 = DebugAndroid|Any CPU
		{736CC905-FFC7-4C9D-9A2D-F4CC11F14DF6}.DebugAndroid|x64.ActiveCfg = DebugAndroid|x64
		{736CC905-FFC7-4C9D-9A2D-F4CC11F14DF6}.DebugAndroid|x64.Build.0 = DebugAndroid|x64
		{736CC905-FFC7-4C9D-9A2D-F4CC11F14DF6}.DebugAndroid|x64.Deploy.0 = DebugAndroid|x64
		{736CC905-FFC7-4C9D-9A2D-F4CC11F14DF6}.DebugAndroid|x86.ActiveCfg = DebugAndroid|x86
		{736CC905-FFC7-4C9D-9A2D-F4CC11F14DF6}.DebugAndroid|x86.Build.0 = DebugAndroid|x86
		{736CC905-FFC7-4C9D-9A2D-F4CC11F14DF6}.DebugAndroid|x86.Deploy.0 = DebugAndroid|x86
		{736CC905-FFC7-4C9D-9A2D-F4CC11F14DF6}.GorillaPlayerDebug|Any CPU.ActiveCfg = Debug|Any CPU
		{736CC905-FFC7-4C9D-9A2D-F4CC11F14DF6}.GorillaPlayerDebug|ARM.ActiveCfg = Debug|ARM
		{736CC905-FFC7-4C9D-9A2D-F4CC11F14DF6}.GorillaPlayerDebug|iPhone.ActiveCfg = Debug|Any CPU
		{736CC905-FFC7-4C9D-9A2D-F4CC11F14DF6}.GorillaPlayerDebug|iPhoneSimulator.ActiveCfg = Debug|Any CPU
		{736CC905-FFC7-4C9D-9A2D-F4CC11F14DF6}.GorillaPlayerDebug|x64.ActiveCfg = Debug|x64
		{736CC905-FFC7-4C9D-9A2D-F4CC11F14DF6}.GorillaPlayerDebug|x86.ActiveCfg = Debug|x86
		{736CC905-FFC7-4C9D-9A2D-F4CC11F14DF6}.Release|Any CPU.ActiveCfg = Release|Any CPU
		{736CC905-FFC7-4C9D-9A2D-F4CC11F14DF6}.Release|Any CPU.Build.0 = Release|Any CPU
		{736CC905-FFC7-4C9D-9A2D-F4CC11F14DF6}.Release|Any CPU.Deploy.0 = Release|Any CPU
		{736CC905-FFC7-4C9D-9A2D-F4CC11F14DF6}.Release|ARM.ActiveCfg = Release|ARM
		{736CC905-FFC7-4C9D-9A2D-F4CC11F14DF6}.Release|ARM.Build.0 = Release|ARM
		{736CC905-FFC7-4C9D-9A2D-F4CC11F14DF6}.Release|ARM.Deploy.0 = Release|ARM
		{736CC905-FFC7-4C9D-9A2D-F4CC11F14DF6}.Release|iPhone.ActiveCfg = Release|Any CPU
		{736CC905-FFC7-4C9D-9A2D-F4CC11F14DF6}.Release|iPhone.Build.0 = Release|Any CPU
		{736CC905-FFC7-4C9D-9A2D-F4CC11F14DF6}.Release|iPhone.Deploy.0 = Release|Any CPU
		{736CC905-FFC7-4C9D-9A2D-F4CC11F14DF6}.Release|iPhoneSimulator.ActiveCfg = Release|Any CPU
		{736CC905-FFC7-4C9D-9A2D-F4CC11F14DF6}.Release|iPhoneSimulator.Build.0 = Release|Any CPU
		{736CC905-FFC7-4C9D-9A2D-F4CC11F14DF6}.Release|iPhoneSimulator.Deploy.0 = Release|Any CPU
		{736CC905-FFC7-4C9D-9A2D-F4CC11F14DF6}.Release|x64.ActiveCfg = Release|x64
		{736CC905-FFC7-4C9D-9A2D-F4CC11F14DF6}.Release|x64.Build.0 = Release|x64
		{736CC905-FFC7-4C9D-9A2D-F4CC11F14DF6}.Release|x64.Deploy.0 = Release|x64
		{736CC905-FFC7-4C9D-9A2D-F4CC11F14DF6}.Release|x86.ActiveCfg = Release|x86
		{736CC905-FFC7-4C9D-9A2D-F4CC11F14DF6}.Release|x86.Build.0 = Release|x86
		{736CC905-FFC7-4C9D-9A2D-F4CC11F14DF6}.Release|x86.Deploy.0 = Release|x86
		{74480E02-3ED4-45AF-898C-23F05C4EA848}.Ad-Hoc|Any CPU.ActiveCfg = Ad-Hoc|iPhone
		{74480E02-3ED4-45AF-898C-23F05C4EA848}.Ad-Hoc|ARM.ActiveCfg = Ad-Hoc|iPhone
		{74480E02-3ED4-45AF-898C-23F05C4EA848}.Ad-Hoc|iPhone.ActiveCfg = Ad-Hoc|iPhone
		{74480E02-3ED4-45AF-898C-23F05C4EA848}.Ad-Hoc|iPhone.Build.0 = Ad-Hoc|iPhone
		{74480E02-3ED4-45AF-898C-23F05C4EA848}.Ad-Hoc|iPhoneSimulator.ActiveCfg = Ad-Hoc|iPhoneSimulator
		{74480E02-3ED4-45AF-898C-23F05C4EA848}.Ad-Hoc|iPhoneSimulator.Build.0 = Ad-Hoc|iPhoneSimulator
		{74480E02-3ED4-45AF-898C-23F05C4EA848}.Ad-Hoc|x64.ActiveCfg = Ad-Hoc|iPhone
		{74480E02-3ED4-45AF-898C-23F05C4EA848}.Ad-Hoc|x86.ActiveCfg = Ad-Hoc|iPhone
		{74480E02-3ED4-45AF-898C-23F05C4EA848}.AppStore|Any CPU.ActiveCfg = AppStore|iPhone
		{74480E02-3ED4-45AF-898C-23F05C4EA848}.AppStore|ARM.ActiveCfg = AppStore|iPhone
		{74480E02-3ED4-45AF-898C-23F05C4EA848}.AppStore|iPhone.ActiveCfg = AppStore|iPhone
		{74480E02-3ED4-45AF-898C-23F05C4EA848}.AppStore|iPhone.Build.0 = AppStore|iPhone
		{74480E02-3ED4-45AF-898C-23F05C4EA848}.AppStore|iPhoneSimulator.ActiveCfg = AppStore|iPhoneSimulator
		{74480E02-3ED4-45AF-898C-23F05C4EA848}.AppStore|iPhoneSimulator.Build.0 = AppStore|iPhoneSimulator
		{74480E02-3ED4-45AF-898C-23F05C4EA848}.AppStore|x64.ActiveCfg = AppStore|iPhone
		{74480E02-3ED4-45AF-898C-23F05C4EA848}.AppStore|x86.ActiveCfg = AppStore|iPhone
		{74480E02-3ED4-45AF-898C-23F05C4EA848}.Debug|Any CPU.ActiveCfg = Debug|iPhone
		{74480E02-3ED4-45AF-898C-23F05C4EA848}.Debug|ARM.ActiveCfg = Debug|iPhone
		{74480E02-3ED4-45AF-898C-23F05C4EA848}.Debug|iPhone.ActiveCfg = Debug|iPhone
		{74480E02-3ED4-45AF-898C-23F05C4EA848}.Debug|iPhone.Build.0 = Debug|iPhone
		{74480E02-3ED4-45AF-898C-23F05C4EA848}.Debug|iPhoneSimulator.ActiveCfg = Debug|iPhoneSimulator
		{74480E02-3ED4-45AF-898C-23F05C4EA848}.Debug|iPhoneSimulator.Build.0 = Debug|iPhoneSimulator
		{74480E02-3ED4-45AF-898C-23F05C4EA848}.Debug|x64.ActiveCfg = Debug|iPhone
		{74480E02-3ED4-45AF-898C-23F05C4EA848}.Debug|x86.ActiveCfg = Debug|iPhone
		{74480E02-3ED4-45AF-898C-23F05C4EA848}.DebugAndroid|Any CPU.ActiveCfg = DebugAndroid|iPhone
		{74480E02-3ED4-45AF-898C-23F05C4EA848}.DebugAndroid|ARM.ActiveCfg = DebugAndroid|iPhone
		{74480E02-3ED4-45AF-898C-23F05C4EA848}.DebugAndroid|iPhone.ActiveCfg = DebugAndroid|iPhone
		{74480E02-3ED4-45AF-898C-23F05C4EA848}.DebugAndroid|iPhoneSimulator.ActiveCfg = DebugAndroid|iPhoneSimulator
		{74480E02-3ED4-45AF-898C-23F05C4EA848}.DebugAndroid|x64.ActiveCfg = DebugAndroid|iPhone
		{74480E02-3ED4-45AF-898C-23F05C4EA848}.DebugAndroid|x86.ActiveCfg = DebugAndroid|iPhone
		{74480E02-3ED4-45AF-898C-23F05C4EA848}.GorillaPlayerDebug|Any CPU.ActiveCfg = Release|iPhoneSimulator
		{74480E02-3ED4-45AF-898C-23F05C4EA848}.GorillaPlayerDebug|ARM.ActiveCfg = Release|iPhoneSimulator
		{74480E02-3ED4-45AF-898C-23F05C4EA848}.GorillaPlayerDebug|iPhone.ActiveCfg = Debug|iPhone
		{74480E02-3ED4-45AF-898C-23F05C4EA848}.GorillaPlayerDebug|iPhoneSimulator.ActiveCfg = Debug|iPhoneSimulator
		{74480E02-3ED4-45AF-898C-23F05C4EA848}.GorillaPlayerDebug|x64.ActiveCfg = Release|iPhoneSimulator
		{74480E02-3ED4-45AF-898C-23F05C4EA848}.GorillaPlayerDebug|x86.ActiveCfg = Release|iPhoneSimulator
		{74480E02-3ED4-45AF-898C-23F05C4EA848}.Release|Any CPU.ActiveCfg = Release|iPhone
		{74480E02-3ED4-45AF-898C-23F05C4EA848}.Release|ARM.ActiveCfg = Release|iPhone
		{74480E02-3ED4-45AF-898C-23F05C4EA848}.Release|iPhone.ActiveCfg = Release|iPhone
		{74480E02-3ED4-45AF-898C-23F05C4EA848}.Release|iPhone.Build.0 = Release|iPhone
		{74480E02-3ED4-45AF-898C-23F05C4EA848}.Release|iPhoneSimulator.ActiveCfg = Release|iPhoneSimulator
		{74480E02-3ED4-45AF-898C-23F05C4EA848}.Release|iPhoneSimulator.Build.0 = Release|iPhoneSimulator
		{74480E02-3ED4-45AF-898C-23F05C4EA848}.Release|x64.ActiveCfg = Release|iPhone
		{74480E02-3ED4-45AF-898C-23F05C4EA848}.Release|x86.ActiveCfg = Release|iPhone
		{7B40190B-5FA5-4708-B459-B967831C7592}.Ad-Hoc|Any CPU.ActiveCfg = Release|Any CPU
		{7B40190B-5FA5-4708-B459-B967831C7592}.Ad-Hoc|Any CPU.Build.0 = Release|Any CPU
		{7B40190B-5FA5-4708-B459-B967831C7592}.Ad-Hoc|ARM.ActiveCfg = Release|Any CPU
		{7B40190B-5FA5-4708-B459-B967831C7592}.Ad-Hoc|ARM.Build.0 = Release|Any CPU
		{7B40190B-5FA5-4708-B459-B967831C7592}.Ad-Hoc|iPhone.ActiveCfg = Release|Any CPU
		{7B40190B-5FA5-4708-B459-B967831C7592}.Ad-Hoc|iPhone.Build.0 = Release|Any CPU
		{7B40190B-5FA5-4708-B459-B967831C7592}.Ad-Hoc|iPhoneSimulator.ActiveCfg = Release|Any CPU
		{7B40190B-5FA5-4708-B459-B967831C7592}.Ad-Hoc|iPhoneSimulator.Build.0 = Release|Any CPU
		{7B40190B-5FA5-4708-B459-B967831C7592}.Ad-Hoc|x64.ActiveCfg = Release|Any CPU
		{7B40190B-5FA5-4708-B459-B967831C7592}.Ad-Hoc|x64.Build.0 = Release|Any CPU
		{7B40190B-5FA5-4708-B459-B967831C7592}.Ad-Hoc|x86.ActiveCfg = Release|Any CPU
		{7B40190B-5FA5-4708-B459-B967831C7592}.Ad-Hoc|x86.Build.0 = Release|Any CPU
		{7B40190B-5FA5-4708-B459-B967831C7592}.AppStore|Any CPU.ActiveCfg = Release|Any CPU
		{7B40190B-5FA5-4708-B459-B967831C7592}.AppStore|Any CPU.Build.0 = Release|Any CPU
		{7B40190B-5FA5-4708-B459-B967831C7592}.AppStore|ARM.ActiveCfg = Release|Any CPU
		{7B40190B-5FA5-4708-B459-B967831C7592}.AppStore|ARM.Build.0 = Release|Any CPU
		{7B40190B-5FA5-4708-B459-B967831C7592}.AppStore|iPhone.ActiveCfg = Release|Any CPU
		{7B40190B-5FA5-4708-B459-B967831C7592}.AppStore|iPhone.Build.0 = Release|Any CPU
		{7B40190B-5FA5-4708-B459-B967831C7592}.AppStore|iPhoneSimulator.ActiveCfg = Release|Any CPU
		{7B40190B-5FA5-4708-B459-B967831C7592}.AppStore|iPhoneSimulator.Build.0 = Release|Any CPU
		{7B40190B-5FA5-4708-B459-B967831C7592}.AppStore|x64.ActiveCfg = Release|Any CPU
		{7B40190B-5FA5-4708-B459-B967831C7592}.AppStore|x64.Build.0 = Release|Any CPU
		{7B40190B-5FA5-4708-B459-B967831C7592}.AppStore|x86.ActiveCfg = Release|Any CPU
		{7B40190B-5FA5-4708-B459-B967831C7592}.AppStore|x86.Build.0 = Release|Any CPU
		{7B40190B-5FA5-4708-B459-B967831C7592}.Debug|Any CPU.ActiveCfg = Debug|Any CPU
		{7B40190B-5FA5-4708-B459-B967831C7592}.Debug|Any CPU.Build.0 = Debug|Any CPU
		{7B40190B-5FA5-4708-B459-B967831C7592}.Debug|ARM.ActiveCfg = Debug|Any CPU
		{7B40190B-5FA5-4708-B459-B967831C7592}.Debug|ARM.Build.0 = Debug|Any CPU
		{7B40190B-5FA5-4708-B459-B967831C7592}.Debug|iPhone.ActiveCfg = Debug|Any CPU
		{7B40190B-5FA5-4708-B459-B967831C7592}.Debug|iPhone.Build.0 = Debug|Any CPU
		{7B40190B-5FA5-4708-B459-B967831C7592}.Debug|iPhoneSimulator.ActiveCfg = Debug|Any CPU
		{7B40190B-5FA5-4708-B459-B967831C7592}.Debug|iPhoneSimulator.Build.0 = Debug|Any CPU
		{7B40190B-5FA5-4708-B459-B967831C7592}.Debug|x64.ActiveCfg = Debug|Any CPU
		{7B40190B-5FA5-4708-B459-B967831C7592}.Debug|x64.Build.0 = Debug|Any CPU
		{7B40190B-5FA5-4708-B459-B967831C7592}.Debug|x86.ActiveCfg = Debug|Any CPU
		{7B40190B-5FA5-4708-B459-B967831C7592}.Debug|x86.Build.0 = Debug|Any CPU
		{7B40190B-5FA5-4708-B459-B967831C7592}.DebugAndroid|Any CPU.ActiveCfg = Debug|Any CPU
		{7B40190B-5FA5-4708-B459-B967831C7592}.DebugAndroid|Any CPU.Build.0 = Debug|Any CPU
		{7B40190B-5FA5-4708-B459-B967831C7592}.DebugAndroid|ARM.ActiveCfg = Debug|Any CPU
		{7B40190B-5FA5-4708-B459-B967831C7592}.DebugAndroid|ARM.Build.0 = Debug|Any CPU
		{7B40190B-5FA5-4708-B459-B967831C7592}.DebugAndroid|iPhone.ActiveCfg = Debug|Any CPU
		{7B40190B-5FA5-4708-B459-B967831C7592}.DebugAndroid|iPhone.Build.0 = Debug|Any CPU
		{7B40190B-5FA5-4708-B459-B967831C7592}.DebugAndroid|iPhoneSimulator.ActiveCfg = Debug|Any CPU
		{7B40190B-5FA5-4708-B459-B967831C7592}.DebugAndroid|iPhoneSimulator.Build.0 = Debug|Any CPU
		{7B40190B-5FA5-4708-B459-B967831C7592}.DebugAndroid|x64.ActiveCfg = Debug|Any CPU
		{7B40190B-5FA5-4708-B459-B967831C7592}.DebugAndroid|x64.Build.0 = Debug|Any CPU
		{7B40190B-5FA5-4708-B459-B967831C7592}.DebugAndroid|x86.ActiveCfg = Debug|Any CPU
		{7B40190B-5FA5-4708-B459-B967831C7592}.DebugAndroid|x86.Build.0 = Debug|Any CPU
		{7B40190B-5FA5-4708-B459-B967831C7592}.GorillaPlayerDebug|Any CPU.ActiveCfg = Debug|Any CPU
		{7B40190B-5FA5-4708-B459-B967831C7592}.GorillaPlayerDebug|Any CPU.Build.0 = Debug|Any CPU
		{7B40190B-5FA5-4708-B459-B967831C7592}.GorillaPlayerDebug|ARM.ActiveCfg = Debug|Any CPU
		{7B40190B-5FA5-4708-B459-B967831C7592}.GorillaPlayerDebug|ARM.Build.0 = Debug|Any CPU
		{7B40190B-5FA5-4708-B459-B967831C7592}.GorillaPlayerDebug|iPhone.ActiveCfg = Debug|Any CPU
		{7B40190B-5FA5-4708-B459-B967831C7592}.GorillaPlayerDebug|iPhone.Build.0 = Debug|Any CPU
		{7B40190B-5FA5-4708-B459-B967831C7592}.GorillaPlayerDebug|iPhoneSimulator.ActiveCfg = Debug|Any CPU
		{7B40190B-5FA5-4708-B459-B967831C7592}.GorillaPlayerDebug|iPhoneSimulator.Build.0 = Debug|Any CPU
		{7B40190B-5FA5-4708-B459-B967831C7592}.GorillaPlayerDebug|x64.ActiveCfg = Debug|Any CPU
		{7B40190B-5FA5-4708-B459-B967831C7592}.GorillaPlayerDebug|x64.Build.0 = Debug|Any CPU
		{7B40190B-5FA5-4708-B459-B967831C7592}.GorillaPlayerDebug|x86.ActiveCfg = Debug|Any CPU
		{7B40190B-5FA5-4708-B459-B967831C7592}.GorillaPlayerDebug|x86.Build.0 = Debug|Any CPU
		{7B40190B-5FA5-4708-B459-B967831C7592}.Release|Any CPU.ActiveCfg = Release|Any CPU
		{7B40190B-5FA5-4708-B459-B967831C7592}.Release|Any CPU.Build.0 = Release|Any CPU
		{7B40190B-5FA5-4708-B459-B967831C7592}.Release|ARM.ActiveCfg = Release|Any CPU
		{7B40190B-5FA5-4708-B459-B967831C7592}.Release|ARM.Build.0 = Release|Any CPU
		{7B40190B-5FA5-4708-B459-B967831C7592}.Release|iPhone.ActiveCfg = Release|Any CPU
		{7B40190B-5FA5-4708-B459-B967831C7592}.Release|iPhone.Build.0 = Release|Any CPU
		{7B40190B-5FA5-4708-B459-B967831C7592}.Release|iPhoneSimulator.ActiveCfg = Release|Any CPU
		{7B40190B-5FA5-4708-B459-B967831C7592}.Release|iPhoneSimulator.Build.0 = Release|Any CPU
		{7B40190B-5FA5-4708-B459-B967831C7592}.Release|x64.ActiveCfg = Release|Any CPU
		{7B40190B-5FA5-4708-B459-B967831C7592}.Release|x64.Build.0 = Release|Any CPU
		{7B40190B-5FA5-4708-B459-B967831C7592}.Release|x86.ActiveCfg = Release|Any CPU
		{7B40190B-5FA5-4708-B459-B967831C7592}.Release|x86.Build.0 = Release|Any CPU
		{882793B3-AC47-42F7-893D-15B2A6A86D18}.Ad-Hoc|Any CPU.ActiveCfg = Release|x86
		{882793B3-AC47-42F7-893D-15B2A6A86D18}.Ad-Hoc|Any CPU.Build.0 = Release|x86
		{882793B3-AC47-42F7-893D-15B2A6A86D18}.Ad-Hoc|Any CPU.Deploy.0 = Release|x86
		{882793B3-AC47-42F7-893D-15B2A6A86D18}.Ad-Hoc|ARM.ActiveCfg = Release|ARM
		{882793B3-AC47-42F7-893D-15B2A6A86D18}.Ad-Hoc|ARM.Build.0 = Release|ARM
		{882793B3-AC47-42F7-893D-15B2A6A86D18}.Ad-Hoc|ARM.Deploy.0 = Release|ARM
		{882793B3-AC47-42F7-893D-15B2A6A86D18}.Ad-Hoc|iPhone.ActiveCfg = Release|x86
		{882793B3-AC47-42F7-893D-15B2A6A86D18}.Ad-Hoc|iPhone.Build.0 = Release|x86
		{882793B3-AC47-42F7-893D-15B2A6A86D18}.Ad-Hoc|iPhone.Deploy.0 = Release|x86
		{882793B3-AC47-42F7-893D-15B2A6A86D18}.Ad-Hoc|iPhoneSimulator.ActiveCfg = Release|x86
		{882793B3-AC47-42F7-893D-15B2A6A86D18}.Ad-Hoc|iPhoneSimulator.Build.0 = Release|x86
		{882793B3-AC47-42F7-893D-15B2A6A86D18}.Ad-Hoc|iPhoneSimulator.Deploy.0 = Release|x86
		{882793B3-AC47-42F7-893D-15B2A6A86D18}.Ad-Hoc|x64.ActiveCfg = Release|x64
		{882793B3-AC47-42F7-893D-15B2A6A86D18}.Ad-Hoc|x64.Build.0 = Release|x64
		{882793B3-AC47-42F7-893D-15B2A6A86D18}.Ad-Hoc|x64.Deploy.0 = Release|x64
		{882793B3-AC47-42F7-893D-15B2A6A86D18}.Ad-Hoc|x86.ActiveCfg = Release|x86
		{882793B3-AC47-42F7-893D-15B2A6A86D18}.Ad-Hoc|x86.Build.0 = Release|x86
		{882793B3-AC47-42F7-893D-15B2A6A86D18}.Ad-Hoc|x86.Deploy.0 = Release|x86
		{882793B3-AC47-42F7-893D-15B2A6A86D18}.AppStore|Any CPU.ActiveCfg = Release|x86
		{882793B3-AC47-42F7-893D-15B2A6A86D18}.AppStore|Any CPU.Build.0 = Release|x86
		{882793B3-AC47-42F7-893D-15B2A6A86D18}.AppStore|Any CPU.Deploy.0 = Release|x86
		{882793B3-AC47-42F7-893D-15B2A6A86D18}.AppStore|ARM.ActiveCfg = Release|ARM
		{882793B3-AC47-42F7-893D-15B2A6A86D18}.AppStore|ARM.Build.0 = Release|ARM
		{882793B3-AC47-42F7-893D-15B2A6A86D18}.AppStore|ARM.Deploy.0 = Release|ARM
		{882793B3-AC47-42F7-893D-15B2A6A86D18}.AppStore|iPhone.ActiveCfg = Release|x86
		{882793B3-AC47-42F7-893D-15B2A6A86D18}.AppStore|iPhone.Build.0 = Release|x86
		{882793B3-AC47-42F7-893D-15B2A6A86D18}.AppStore|iPhone.Deploy.0 = Release|x86
		{882793B3-AC47-42F7-893D-15B2A6A86D18}.AppStore|iPhoneSimulator.ActiveCfg = Release|x86
		{882793B3-AC47-42F7-893D-15B2A6A86D18}.AppStore|iPhoneSimulator.Build.0 = Release|x86
		{882793B3-AC47-42F7-893D-15B2A6A86D18}.AppStore|iPhoneSimulator.Deploy.0 = Release|x86
		{882793B3-AC47-42F7-893D-15B2A6A86D18}.AppStore|x64.ActiveCfg = Release|x64
		{882793B3-AC47-42F7-893D-15B2A6A86D18}.AppStore|x64.Build.0 = Release|x64
		{882793B3-AC47-42F7-893D-15B2A6A86D18}.AppStore|x64.Deploy.0 = Release|x64
		{882793B3-AC47-42F7-893D-15B2A6A86D18}.AppStore|x86.ActiveCfg = Release|x86
		{882793B3-AC47-42F7-893D-15B2A6A86D18}.AppStore|x86.Build.0 = Release|x86
		{882793B3-AC47-42F7-893D-15B2A6A86D18}.AppStore|x86.Deploy.0 = Release|x86
		{882793B3-AC47-42F7-893D-15B2A6A86D18}.Debug|Any CPU.ActiveCfg = Debug|x86
		{882793B3-AC47-42F7-893D-15B2A6A86D18}.Debug|ARM.ActiveCfg = Debug|ARM
		{882793B3-AC47-42F7-893D-15B2A6A86D18}.Debug|ARM.Build.0 = Debug|ARM
		{882793B3-AC47-42F7-893D-15B2A6A86D18}.Debug|ARM.Deploy.0 = Debug|ARM
		{882793B3-AC47-42F7-893D-15B2A6A86D18}.Debug|iPhone.ActiveCfg = Debug|x86
		{882793B3-AC47-42F7-893D-15B2A6A86D18}.Debug|iPhoneSimulator.ActiveCfg = Debug|x86
		{882793B3-AC47-42F7-893D-15B2A6A86D18}.Debug|x64.ActiveCfg = Debug|x64
		{882793B3-AC47-42F7-893D-15B2A6A86D18}.Debug|x64.Build.0 = Debug|x64
		{882793B3-AC47-42F7-893D-15B2A6A86D18}.Debug|x64.Deploy.0 = Debug|x64
		{882793B3-AC47-42F7-893D-15B2A6A86D18}.Debug|x86.ActiveCfg = Debug|x86
		{882793B3-AC47-42F7-893D-15B2A6A86D18}.Debug|x86.Build.0 = Debug|x86
		{882793B3-AC47-42F7-893D-15B2A6A86D18}.Debug|x86.Deploy.0 = Debug|x86
		{882793B3-AC47-42F7-893D-15B2A6A86D18}.DebugAndroid|Any CPU.ActiveCfg = DebugAndroid|x86
		{882793B3-AC47-42F7-893D-15B2A6A86D18}.DebugAndroid|ARM.ActiveCfg = DebugAndroid|ARM
		{882793B3-AC47-42F7-893D-15B2A6A86D18}.DebugAndroid|ARM.Deploy.0 = DebugAndroid|ARM
		{882793B3-AC47-42F7-893D-15B2A6A86D18}.DebugAndroid|iPhone.ActiveCfg = DebugAndroid|x86
		{882793B3-AC47-42F7-893D-15B2A6A86D18}.DebugAndroid|iPhoneSimulator.ActiveCfg = DebugAndroid|x86
		{882793B3-AC47-42F7-893D-15B2A6A86D18}.DebugAndroid|x64.ActiveCfg = DebugAndroid|x64
		{882793B3-AC47-42F7-893D-15B2A6A86D18}.DebugAndroid|x64.Deploy.0 = DebugAndroid|x64
		{882793B3-AC47-42F7-893D-15B2A6A86D18}.DebugAndroid|x86.ActiveCfg = DebugAndroid|x86
		{882793B3-AC47-42F7-893D-15B2A6A86D18}.DebugAndroid|x86.Deploy.0 = DebugAndroid|x86
		{882793B3-AC47-42F7-893D-15B2A6A86D18}.GorillaPlayerDebug|Any CPU.ActiveCfg = Debug|x64
		{882793B3-AC47-42F7-893D-15B2A6A86D18}.GorillaPlayerDebug|ARM.ActiveCfg = Debug|ARM
		{882793B3-AC47-42F7-893D-15B2A6A86D18}.GorillaPlayerDebug|iPhone.ActiveCfg = Debug|x64
		{882793B3-AC47-42F7-893D-15B2A6A86D18}.GorillaPlayerDebug|iPhoneSimulator.ActiveCfg = Debug|x64
		{882793B3-AC47-42F7-893D-15B2A6A86D18}.GorillaPlayerDebug|x64.ActiveCfg = Debug|x64
		{882793B3-AC47-42F7-893D-15B2A6A86D18}.GorillaPlayerDebug|x86.ActiveCfg = Debug|x86
		{882793B3-AC47-42F7-893D-15B2A6A86D18}.Release|Any CPU.ActiveCfg = Release|x86
		{882793B3-AC47-42F7-893D-15B2A6A86D18}.Release|ARM.ActiveCfg = Release|ARM
		{882793B3-AC47-42F7-893D-15B2A6A86D18}.Release|ARM.Build.0 = Release|ARM
		{882793B3-AC47-42F7-893D-15B2A6A86D18}.Release|ARM.Deploy.0 = Release|ARM
		{882793B3-AC47-42F7-893D-15B2A6A86D18}.Release|iPhone.ActiveCfg = Release|x86
		{882793B3-AC47-42F7-893D-15B2A6A86D18}.Release|iPhoneSimulator.ActiveCfg = Release|x86
		{882793B3-AC47-42F7-893D-15B2A6A86D18}.Release|x64.ActiveCfg = Release|x64
		{882793B3-AC47-42F7-893D-15B2A6A86D18}.Release|x64.Build.0 = Release|x64
		{882793B3-AC47-42F7-893D-15B2A6A86D18}.Release|x64.Deploy.0 = Release|x64
		{882793B3-AC47-42F7-893D-15B2A6A86D18}.Release|x86.ActiveCfg = Release|x86
		{882793B3-AC47-42F7-893D-15B2A6A86D18}.Release|x86.Build.0 = Release|x86
		{882793B3-AC47-42F7-893D-15B2A6A86D18}.Release|x86.Deploy.0 = Release|x86
		{BA4A8B99-EC5A-42D1-8FC0-8A305800655A}.Ad-Hoc|Any CPU.ActiveCfg = Release|Any CPU
		{BA4A8B99-EC5A-42D1-8FC0-8A305800655A}.Ad-Hoc|Any CPU.Build.0 = Release|Any CPU
		{BA4A8B99-EC5A-42D1-8FC0-8A305800655A}.Ad-Hoc|ARM.ActiveCfg = Release|Any CPU
		{BA4A8B99-EC5A-42D1-8FC0-8A305800655A}.Ad-Hoc|ARM.Build.0 = Release|Any CPU
		{BA4A8B99-EC5A-42D1-8FC0-8A305800655A}.Ad-Hoc|iPhone.ActiveCfg = Release|Any CPU
		{BA4A8B99-EC5A-42D1-8FC0-8A305800655A}.Ad-Hoc|iPhone.Build.0 = Release|Any CPU
		{BA4A8B99-EC5A-42D1-8FC0-8A305800655A}.Ad-Hoc|iPhoneSimulator.ActiveCfg = Release|Any CPU
		{BA4A8B99-EC5A-42D1-8FC0-8A305800655A}.Ad-Hoc|iPhoneSimulator.Build.0 = Release|Any CPU
		{BA4A8B99-EC5A-42D1-8FC0-8A305800655A}.Ad-Hoc|x64.ActiveCfg = Release|Any CPU
		{BA4A8B99-EC5A-42D1-8FC0-8A305800655A}.Ad-Hoc|x64.Build.0 = Release|Any CPU
		{BA4A8B99-EC5A-42D1-8FC0-8A305800655A}.Ad-Hoc|x86.ActiveCfg = Release|Any CPU
		{BA4A8B99-EC5A-42D1-8FC0-8A305800655A}.Ad-Hoc|x86.Build.0 = Release|Any CPU
		{BA4A8B99-EC5A-42D1-8FC0-8A305800655A}.AppStore|Any CPU.ActiveCfg = Release|Any CPU
		{BA4A8B99-EC5A-42D1-8FC0-8A305800655A}.AppStore|Any CPU.Build.0 = Release|Any CPU
		{BA4A8B99-EC5A-42D1-8FC0-8A305800655A}.AppStore|ARM.ActiveCfg = Release|Any CPU
		{BA4A8B99-EC5A-42D1-8FC0-8A305800655A}.AppStore|ARM.Build.0 = Release|Any CPU
		{BA4A8B99-EC5A-42D1-8FC0-8A305800655A}.AppStore|iPhone.ActiveCfg = Release|Any CPU
		{BA4A8B99-EC5A-42D1-8FC0-8A305800655A}.AppStore|iPhone.Build.0 = Release|Any CPU
		{BA4A8B99-EC5A-42D1-8FC0-8A305800655A}.AppStore|iPhoneSimulator.ActiveCfg = Release|Any CPU
		{BA4A8B99-EC5A-42D1-8FC0-8A305800655A}.AppStore|iPhoneSimulator.Build.0 = Release|Any CPU
		{BA4A8B99-EC5A-42D1-8FC0-8A305800655A}.AppStore|x64.ActiveCfg = Release|Any CPU
		{BA4A8B99-EC5A-42D1-8FC0-8A305800655A}.AppStore|x64.Build.0 = Release|Any CPU
		{BA4A8B99-EC5A-42D1-8FC0-8A305800655A}.AppStore|x86.ActiveCfg = Release|Any CPU
		{BA4A8B99-EC5A-42D1-8FC0-8A305800655A}.AppStore|x86.Build.0 = Release|Any CPU
		{BA4A8B99-EC5A-42D1-8FC0-8A305800655A}.Debug|Any CPU.ActiveCfg = Debug|Any CPU
		{BA4A8B99-EC5A-42D1-8FC0-8A305800655A}.Debug|Any CPU.Build.0 = Debug|Any CPU
		{BA4A8B99-EC5A-42D1-8FC0-8A305800655A}.Debug|ARM.ActiveCfg = Debug|Any CPU
		{BA4A8B99-EC5A-42D1-8FC0-8A305800655A}.Debug|ARM.Build.0 = Debug|Any CPU
		{BA4A8B99-EC5A-42D1-8FC0-8A305800655A}.Debug|iPhone.ActiveCfg = Debug|Any CPU
		{BA4A8B99-EC5A-42D1-8FC0-8A305800655A}.Debug|iPhone.Build.0 = Debug|Any CPU
		{BA4A8B99-EC5A-42D1-8FC0-8A305800655A}.Debug|iPhoneSimulator.ActiveCfg = Debug|Any CPU
		{BA4A8B99-EC5A-42D1-8FC0-8A305800655A}.Debug|iPhoneSimulator.Build.0 = Debug|Any CPU
		{BA4A8B99-EC5A-42D1-8FC0-8A305800655A}.Debug|x64.ActiveCfg = Debug|Any CPU
		{BA4A8B99-EC5A-42D1-8FC0-8A305800655A}.Debug|x64.Build.0 = Debug|Any CPU
		{BA4A8B99-EC5A-42D1-8FC0-8A305800655A}.Debug|x86.ActiveCfg = Debug|Any CPU
		{BA4A8B99-EC5A-42D1-8FC0-8A305800655A}.Debug|x86.Build.0 = Debug|Any CPU
		{BA4A8B99-EC5A-42D1-8FC0-8A305800655A}.DebugAndroid|Any CPU.ActiveCfg = DebugAndroid|Any CPU
		{BA4A8B99-EC5A-42D1-8FC0-8A305800655A}.DebugAndroid|Any CPU.Build.0 = DebugAndroid|Any CPU
		{BA4A8B99-EC5A-42D1-8FC0-8A305800655A}.DebugAndroid|ARM.ActiveCfg = DebugAndroid|Any CPU
		{BA4A8B99-EC5A-42D1-8FC0-8A305800655A}.DebugAndroid|ARM.Build.0 = DebugAndroid|Any CPU
		{BA4A8B99-EC5A-42D1-8FC0-8A305800655A}.DebugAndroid|iPhone.ActiveCfg = DebugAndroid|Any CPU
		{BA4A8B99-EC5A-42D1-8FC0-8A305800655A}.DebugAndroid|iPhone.Build.0 = DebugAndroid|Any CPU
		{BA4A8B99-EC5A-42D1-8FC0-8A305800655A}.DebugAndroid|iPhoneSimulator.ActiveCfg = DebugAndroid|Any CPU
		{BA4A8B99-EC5A-42D1-8FC0-8A305800655A}.DebugAndroid|iPhoneSimulator.Build.0 = DebugAndroid|Any CPU
		{BA4A8B99-EC5A-42D1-8FC0-8A305800655A}.DebugAndroid|x64.ActiveCfg = DebugAndroid|Any CPU
		{BA4A8B99-EC5A-42D1-8FC0-8A305800655A}.DebugAndroid|x64.Build.0 = DebugAndroid|Any CPU
		{BA4A8B99-EC5A-42D1-8FC0-8A305800655A}.DebugAndroid|x86.ActiveCfg = DebugAndroid|Any CPU
		{BA4A8B99-EC5A-42D1-8FC0-8A305800655A}.DebugAndroid|x86.Build.0 = DebugAndroid|Any CPU
		{BA4A8B99-EC5A-42D1-8FC0-8A305800655A}.GorillaPlayerDebug|Any CPU.ActiveCfg = Debug|Any CPU
		{BA4A8B99-EC5A-42D1-8FC0-8A305800655A}.GorillaPlayerDebug|Any CPU.Build.0 = Debug|Any CPU
		{BA4A8B99-EC5A-42D1-8FC0-8A305800655A}.GorillaPlayerDebug|ARM.ActiveCfg = Debug|Any CPU
		{BA4A8B99-EC5A-42D1-8FC0-8A305800655A}.GorillaPlayerDebug|ARM.Build.0 = Debug|Any CPU
		{BA4A8B99-EC5A-42D1-8FC0-8A305800655A}.GorillaPlayerDebug|iPhone.ActiveCfg = Debug|Any CPU
		{BA4A8B99-EC5A-42D1-8FC0-8A305800655A}.GorillaPlayerDebug|iPhone.Build.0 = Debug|Any CPU
		{BA4A8B99-EC5A-42D1-8FC0-8A305800655A}.GorillaPlayerDebug|iPhoneSimulator.ActiveCfg = Debug|Any CPU
		{BA4A8B99-EC5A-42D1-8FC0-8A305800655A}.GorillaPlayerDebug|iPhoneSimulator.Build.0 = Debug|Any CPU
		{BA4A8B99-EC5A-42D1-8FC0-8A305800655A}.GorillaPlayerDebug|x64.ActiveCfg = Debug|Any CPU
		{BA4A8B99-EC5A-42D1-8FC0-8A305800655A}.GorillaPlayerDebug|x64.Build.0 = Debug|Any CPU
		{BA4A8B99-EC5A-42D1-8FC0-8A305800655A}.GorillaPlayerDebug|x86.ActiveCfg = Debug|Any CPU
		{BA4A8B99-EC5A-42D1-8FC0-8A305800655A}.GorillaPlayerDebug|x86.Build.0 = Debug|Any CPU
		{BA4A8B99-EC5A-42D1-8FC0-8A305800655A}.Release|Any CPU.ActiveCfg = Release|Any CPU
		{BA4A8B99-EC5A-42D1-8FC0-8A305800655A}.Release|Any CPU.Build.0 = Release|Any CPU
		{BA4A8B99-EC5A-42D1-8FC0-8A305800655A}.Release|ARM.ActiveCfg = Release|Any CPU
		{BA4A8B99-EC5A-42D1-8FC0-8A305800655A}.Release|ARM.Build.0 = Release|Any CPU
		{BA4A8B99-EC5A-42D1-8FC0-8A305800655A}.Release|iPhone.ActiveCfg = Release|Any CPU
		{BA4A8B99-EC5A-42D1-8FC0-8A305800655A}.Release|iPhone.Build.0 = Release|Any CPU
		{BA4A8B99-EC5A-42D1-8FC0-8A305800655A}.Release|iPhoneSimulator.ActiveCfg = Release|Any CPU
		{BA4A8B99-EC5A-42D1-8FC0-8A305800655A}.Release|iPhoneSimulator.Build.0 = Release|Any CPU
		{BA4A8B99-EC5A-42D1-8FC0-8A305800655A}.Release|x64.ActiveCfg = Release|Any CPU
		{BA4A8B99-EC5A-42D1-8FC0-8A305800655A}.Release|x64.Build.0 = Release|Any CPU
		{BA4A8B99-EC5A-42D1-8FC0-8A305800655A}.Release|x86.ActiveCfg = Release|Any CPU
		{BA4A8B99-EC5A-42D1-8FC0-8A305800655A}.Release|x86.Build.0 = Release|Any CPU
		{CD8A647F-6056-49B0-B093-98150D4E2F94}.Ad-Hoc|Any CPU.ActiveCfg = Release|Any CPU
		{CD8A647F-6056-49B0-B093-98150D4E2F94}.Ad-Hoc|Any CPU.Build.0 = Release|Any CPU
		{CD8A647F-6056-49B0-B093-98150D4E2F94}.Ad-Hoc|ARM.ActiveCfg = Release|Any CPU
		{CD8A647F-6056-49B0-B093-98150D4E2F94}.Ad-Hoc|ARM.Build.0 = Release|Any CPU
		{CD8A647F-6056-49B0-B093-98150D4E2F94}.Ad-Hoc|iPhone.ActiveCfg = Release|Any CPU
		{CD8A647F-6056-49B0-B093-98150D4E2F94}.Ad-Hoc|iPhone.Build.0 = Release|Any CPU
		{CD8A647F-6056-49B0-B093-98150D4E2F94}.Ad-Hoc|iPhoneSimulator.ActiveCfg = Release|Any CPU
		{CD8A647F-6056-49B0-B093-98150D4E2F94}.Ad-Hoc|iPhoneSimulator.Build.0 = Release|Any CPU
		{CD8A647F-6056-49B0-B093-98150D4E2F94}.Ad-Hoc|x64.ActiveCfg = Release|Any CPU
		{CD8A647F-6056-49B0-B093-98150D4E2F94}.Ad-Hoc|x64.Build.0 = Release|Any CPU
		{CD8A647F-6056-49B0-B093-98150D4E2F94}.Ad-Hoc|x86.ActiveCfg = Release|Any CPU
		{CD8A647F-6056-49B0-B093-98150D4E2F94}.Ad-Hoc|x86.Build.0 = Release|Any CPU
		{CD8A647F-6056-49B0-B093-98150D4E2F94}.AppStore|Any CPU.ActiveCfg = Release|Any CPU
		{CD8A647F-6056-49B0-B093-98150D4E2F94}.AppStore|Any CPU.Build.0 = Release|Any CPU
		{CD8A647F-6056-49B0-B093-98150D4E2F94}.AppStore|ARM.ActiveCfg = Release|Any CPU
		{CD8A647F-6056-49B0-B093-98150D4E2F94}.AppStore|ARM.Build.0 = Release|Any CPU
		{CD8A647F-6056-49B0-B093-98150D4E2F94}.AppStore|iPhone.ActiveCfg = Release|Any CPU
		{CD8A647F-6056-49B0-B093-98150D4E2F94}.AppStore|iPhone.Build.0 = Release|Any CPU
		{CD8A647F-6056-49B0-B093-98150D4E2F94}.AppStore|iPhoneSimulator.ActiveCfg = Release|Any CPU
		{CD8A647F-6056-49B0-B093-98150D4E2F94}.AppStore|iPhoneSimulator.Build.0 = Release|Any CPU
		{CD8A647F-6056-49B0-B093-98150D4E2F94}.AppStore|x64.ActiveCfg = Release|Any CPU
		{CD8A647F-6056-49B0-B093-98150D4E2F94}.AppStore|x64.Build.0 = Release|Any CPU
		{CD8A647F-6056-49B0-B093-98150D4E2F94}.AppStore|x86.ActiveCfg = Release|Any CPU
		{CD8A647F-6056-49B0-B093-98150D4E2F94}.AppStore|x86.Build.0 = Release|Any CPU
		{CD8A647F-6056-49B0-B093-98150D4E2F94}.Debug|Any CPU.ActiveCfg = Debug|Any CPU
		{CD8A647F-6056-49B0-B093-98150D4E2F94}.Debug|Any CPU.Build.0 = Debug|Any CPU
		{CD8A647F-6056-49B0-B093-98150D4E2F94}.Debug|ARM.ActiveCfg = Debug|Any CPU
		{CD8A647F-6056-49B0-B093-98150D4E2F94}.Debug|ARM.Build.0 = Debug|Any CPU
		{CD8A647F-6056-49B0-B093-98150D4E2F94}.Debug|iPhone.ActiveCfg = Debug|Any CPU
		{CD8A647F-6056-49B0-B093-98150D4E2F94}.Debug|iPhone.Build.0 = Debug|Any CPU
		{CD8A647F-6056-49B0-B093-98150D4E2F94}.Debug|iPhoneSimulator.ActiveCfg = Debug|Any CPU
		{CD8A647F-6056-49B0-B093-98150D4E2F94}.Debug|iPhoneSimulator.Build.0 = Debug|Any CPU
		{CD8A647F-6056-49B0-B093-98150D4E2F94}.Debug|x64.ActiveCfg = Debug|Any CPU
		{CD8A647F-6056-49B0-B093-98150D4E2F94}.Debug|x64.Build.0 = Debug|Any CPU
		{CD8A647F-6056-49B0-B093-98150D4E2F94}.Debug|x86.ActiveCfg = Debug|Any CPU
		{CD8A647F-6056-49B0-B093-98150D4E2F94}.Debug|x86.Build.0 = Debug|Any CPU
		{CD8A647F-6056-49B0-B093-98150D4E2F94}.DebugAndroid|Any CPU.ActiveCfg = DebugAndroid|Any CPU
		{CD8A647F-6056-49B0-B093-98150D4E2F94}.DebugAndroid|Any CPU.Build.0 = DebugAndroid|Any CPU
		{CD8A647F-6056-49B0-B093-98150D4E2F94}.DebugAndroid|ARM.ActiveCfg = DebugAndroid|Any CPU
		{CD8A647F-6056-49B0-B093-98150D4E2F94}.DebugAndroid|ARM.Build.0 = DebugAndroid|Any CPU
		{CD8A647F-6056-49B0-B093-98150D4E2F94}.DebugAndroid|iPhone.ActiveCfg = DebugAndroid|Any CPU
		{CD8A647F-6056-49B0-B093-98150D4E2F94}.DebugAndroid|iPhone.Build.0 = DebugAndroid|Any CPU
		{CD8A647F-6056-49B0-B093-98150D4E2F94}.DebugAndroid|iPhoneSimulator.ActiveCfg = DebugAndroid|Any CPU
		{CD8A647F-6056-49B0-B093-98150D4E2F94}.DebugAndroid|iPhoneSimulator.Build.0 = DebugAndroid|Any CPU
		{CD8A647F-6056-49B0-B093-98150D4E2F94}.DebugAndroid|x64.ActiveCfg = DebugAndroid|Any CPU
		{CD8A647F-6056-49B0-B093-98150D4E2F94}.DebugAndroid|x64.Build.0 = DebugAndroid|Any CPU
		{CD8A647F-6056-49B0-B093-98150D4E2F94}.DebugAndroid|x86.ActiveCfg = DebugAndroid|Any CPU
		{CD8A647F-6056-49B0-B093-98150D4E2F94}.DebugAndroid|x86.Build.0 = DebugAndroid|Any CPU
		{CD8A647F-6056-49B0-B093-98150D4E2F94}.GorillaPlayerDebug|Any CPU.ActiveCfg = GorillaPlayerDebug|Any CPU
		{CD8A647F-6056-49B0-B093-98150D4E2F94}.GorillaPlayerDebug|Any CPU.Build.0 = GorillaPlayerDebug|Any CPU
		{CD8A647F-6056-49B0-B093-98150D4E2F94}.GorillaPlayerDebug|ARM.ActiveCfg = GorillaPlayerDebug|Any CPU
		{CD8A647F-6056-49B0-B093-98150D4E2F94}.GorillaPlayerDebug|ARM.Build.0 = GorillaPlayerDebug|Any CPU
		{CD8A647F-6056-49B0-B093-98150D4E2F94}.GorillaPlayerDebug|iPhone.ActiveCfg = GorillaPlayerDebug|Any CPU
		{CD8A647F-6056-49B0-B093-98150D4E2F94}.GorillaPlayerDebug|iPhone.Build.0 = GorillaPlayerDebug|Any CPU
		{CD8A647F-6056-49B0-B093-98150D4E2F94}.GorillaPlayerDebug|iPhoneSimulator.ActiveCfg = GorillaPlayerDebug|Any CPU
		{CD8A647F-6056-49B0-B093-98150D4E2F94}.GorillaPlayerDebug|iPhoneSimulator.Build.0 = GorillaPlayerDebug|Any CPU
		{CD8A647F-6056-49B0-B093-98150D4E2F94}.GorillaPlayerDebug|x64.ActiveCfg = GorillaPlayerDebug|Any CPU
		{CD8A647F-6056-49B0-B093-98150D4E2F94}.GorillaPlayerDebug|x64.Build.0 = GorillaPlayerDebug|Any CPU
		{CD8A647F-6056-49B0-B093-98150D4E2F94}.GorillaPlayerDebug|x86.ActiveCfg = GorillaPlayerDebug|Any CPU
		{CD8A647F-6056-49B0-B093-98150D4E2F94}.GorillaPlayerDebug|x86.Build.0 = GorillaPlayerDebug|Any CPU
		{CD8A647F-6056-49B0-B093-98150D4E2F94}.Release|Any CPU.ActiveCfg = Release|Any CPU
		{CD8A647F-6056-49B0-B093-98150D4E2F94}.Release|Any CPU.Build.0 = Release|Any CPU
		{CD8A647F-6056-49B0-B093-98150D4E2F94}.Release|ARM.ActiveCfg = Release|Any CPU
		{CD8A647F-6056-49B0-B093-98150D4E2F94}.Release|ARM.Build.0 = Release|Any CPU
		{CD8A647F-6056-49B0-B093-98150D4E2F94}.Release|iPhone.ActiveCfg = Release|Any CPU
		{CD8A647F-6056-49B0-B093-98150D4E2F94}.Release|iPhone.Build.0 = Release|Any CPU
		{CD8A647F-6056-49B0-B093-98150D4E2F94}.Release|iPhoneSimulator.ActiveCfg = Release|Any CPU
		{CD8A647F-6056-49B0-B093-98150D4E2F94}.Release|iPhoneSimulator.Build.0 = Release|Any CPU
		{CD8A647F-6056-49B0-B093-98150D4E2F94}.Release|x64.ActiveCfg = Release|Any CPU
		{CD8A647F-6056-49B0-B093-98150D4E2F94}.Release|x64.Build.0 = Release|Any CPU
		{CD8A647F-6056-49B0-B093-98150D4E2F94}.Release|x86.ActiveCfg = Release|Any CPU
		{CD8A647F-6056-49B0-B093-98150D4E2F94}.Release|x86.Build.0 = Release|Any CPU
		{EDD297BA-E8D0-423C-A447-3A1278E5A895}.Ad-Hoc|Any CPU.ActiveCfg = Release|Any CPU
		{EDD297BA-E8D0-423C-A447-3A1278E5A895}.Ad-Hoc|Any CPU.Build.0 = Release|Any CPU
		{EDD297BA-E8D0-423C-A447-3A1278E5A895}.Ad-Hoc|Any CPU.Deploy.0 = Release|Any CPU
		{EDD297BA-E8D0-423C-A447-3A1278E5A895}.Ad-Hoc|ARM.ActiveCfg = Release|ARM
		{EDD297BA-E8D0-423C-A447-3A1278E5A895}.Ad-Hoc|ARM.Build.0 = Release|ARM
		{EDD297BA-E8D0-423C-A447-3A1278E5A895}.Ad-Hoc|ARM.Deploy.0 = Release|ARM
		{EDD297BA-E8D0-423C-A447-3A1278E5A895}.Ad-Hoc|iPhone.ActiveCfg = Release|Any CPU
		{EDD297BA-E8D0-423C-A447-3A1278E5A895}.Ad-Hoc|iPhone.Build.0 = Release|Any CPU
		{EDD297BA-E8D0-423C-A447-3A1278E5A895}.Ad-Hoc|iPhone.Deploy.0 = Release|Any CPU
		{EDD297BA-E8D0-423C-A447-3A1278E5A895}.Ad-Hoc|iPhoneSimulator.ActiveCfg = Release|Any CPU
		{EDD297BA-E8D0-423C-A447-3A1278E5A895}.Ad-Hoc|iPhoneSimulator.Build.0 = Release|Any CPU
		{EDD297BA-E8D0-423C-A447-3A1278E5A895}.Ad-Hoc|iPhoneSimulator.Deploy.0 = Release|Any CPU
		{EDD297BA-E8D0-423C-A447-3A1278E5A895}.Ad-Hoc|x64.ActiveCfg = Release|Any CPU
		{EDD297BA-E8D0-423C-A447-3A1278E5A895}.Ad-Hoc|x64.Build.0 = Release|Any CPU
		{EDD297BA-E8D0-423C-A447-3A1278E5A895}.Ad-Hoc|x64.Deploy.0 = Release|Any CPU
		{EDD297BA-E8D0-423C-A447-3A1278E5A895}.Ad-Hoc|x86.ActiveCfg = Release|x86
		{EDD297BA-E8D0-423C-A447-3A1278E5A895}.Ad-Hoc|x86.Build.0 = Release|x86
		{EDD297BA-E8D0-423C-A447-3A1278E5A895}.Ad-Hoc|x86.Deploy.0 = Release|x86
		{EDD297BA-E8D0-423C-A447-3A1278E5A895}.AppStore|Any CPU.ActiveCfg = Release|Any CPU
		{EDD297BA-E8D0-423C-A447-3A1278E5A895}.AppStore|Any CPU.Build.0 = Release|Any CPU
		{EDD297BA-E8D0-423C-A447-3A1278E5A895}.AppStore|Any CPU.Deploy.0 = Release|Any CPU
		{EDD297BA-E8D0-423C-A447-3A1278E5A895}.AppStore|ARM.ActiveCfg = Release|ARM
		{EDD297BA-E8D0-423C-A447-3A1278E5A895}.AppStore|ARM.Build.0 = Release|ARM
		{EDD297BA-E8D0-423C-A447-3A1278E5A895}.AppStore|ARM.Deploy.0 = Release|ARM
		{EDD297BA-E8D0-423C-A447-3A1278E5A895}.AppStore|iPhone.ActiveCfg = Release|Any CPU
		{EDD297BA-E8D0-423C-A447-3A1278E5A895}.AppStore|iPhone.Build.0 = Release|Any CPU
		{EDD297BA-E8D0-423C-A447-3A1278E5A895}.AppStore|iPhone.Deploy.0 = Release|Any CPU
		{EDD297BA-E8D0-423C-A447-3A1278E5A895}.AppStore|iPhoneSimulator.ActiveCfg = Release|Any CPU
		{EDD297BA-E8D0-423C-A447-3A1278E5A895}.AppStore|iPhoneSimulator.Build.0 = Release|Any CPU
		{EDD297BA-E8D0-423C-A447-3A1278E5A895}.AppStore|iPhoneSimulator.Deploy.0 = Release|Any CPU
		{EDD297BA-E8D0-423C-A447-3A1278E5A895}.AppStore|x64.ActiveCfg = Release|Any CPU
		{EDD297BA-E8D0-423C-A447-3A1278E5A895}.AppStore|x64.Build.0 = Release|Any CPU
		{EDD297BA-E8D0-423C-A447-3A1278E5A895}.AppStore|x64.Deploy.0 = Release|Any CPU
		{EDD297BA-E8D0-423C-A447-3A1278E5A895}.AppStore|x86.ActiveCfg = Release|x86
		{EDD297BA-E8D0-423C-A447-3A1278E5A895}.AppStore|x86.Build.0 = Release|x86
		{EDD297BA-E8D0-423C-A447-3A1278E5A895}.AppStore|x86.Deploy.0 = Release|x86
		{EDD297BA-E8D0-423C-A447-3A1278E5A895}.Debug|Any CPU.ActiveCfg = Debug|Any CPU
		{EDD297BA-E8D0-423C-A447-3A1278E5A895}.Debug|Any CPU.Build.0 = Debug|Any CPU
		{EDD297BA-E8D0-423C-A447-3A1278E5A895}.Debug|Any CPU.Deploy.0 = Debug|Any CPU
		{EDD297BA-E8D0-423C-A447-3A1278E5A895}.Debug|ARM.ActiveCfg = Debug|ARM
		{EDD297BA-E8D0-423C-A447-3A1278E5A895}.Debug|ARM.Build.0 = Debug|ARM
		{EDD297BA-E8D0-423C-A447-3A1278E5A895}.Debug|ARM.Deploy.0 = Debug|ARM
		{EDD297BA-E8D0-423C-A447-3A1278E5A895}.Debug|iPhone.ActiveCfg = Debug|Any CPU
		{EDD297BA-E8D0-423C-A447-3A1278E5A895}.Debug|iPhone.Build.0 = Debug|Any CPU
		{EDD297BA-E8D0-423C-A447-3A1278E5A895}.Debug|iPhone.Deploy.0 = Debug|Any CPU
		{EDD297BA-E8D0-423C-A447-3A1278E5A895}.Debug|iPhoneSimulator.ActiveCfg = Debug|Any CPU
		{EDD297BA-E8D0-423C-A447-3A1278E5A895}.Debug|iPhoneSimulator.Build.0 = Debug|Any CPU
		{EDD297BA-E8D0-423C-A447-3A1278E5A895}.Debug|iPhoneSimulator.Deploy.0 = Debug|Any CPU
		{EDD297BA-E8D0-423C-A447-3A1278E5A895}.Debug|x64.ActiveCfg = Debug|Any CPU
		{EDD297BA-E8D0-423C-A447-3A1278E5A895}.Debug|x64.Build.0 = Debug|Any CPU
		{EDD297BA-E8D0-423C-A447-3A1278E5A895}.Debug|x64.Deploy.0 = Debug|Any CPU
		{EDD297BA-E8D0-423C-A447-3A1278E5A895}.Debug|x86.ActiveCfg = Debug|x86
		{EDD297BA-E8D0-423C-A447-3A1278E5A895}.Debug|x86.Build.0 = Debug|x86
		{EDD297BA-E8D0-423C-A447-3A1278E5A895}.Debug|x86.Deploy.0 = Debug|x86
		{EDD297BA-E8D0-423C-A447-3A1278E5A895}.DebugAndroid|Any CPU.ActiveCfg = DebugAndroid|Any CPU
		{EDD297BA-E8D0-423C-A447-3A1278E5A895}.DebugAndroid|ARM.ActiveCfg = DebugAndroid|ARM
		{EDD297BA-E8D0-423C-A447-3A1278E5A895}.DebugAndroid|ARM.Build.0 = DebugAndroid|ARM
		{EDD297BA-E8D0-423C-A447-3A1278E5A895}.DebugAndroid|ARM.Deploy.0 = DebugAndroid|ARM
		{EDD297BA-E8D0-423C-A447-3A1278E5A895}.DebugAndroid|iPhone.ActiveCfg = DebugAndroid|Any CPU
		{EDD297BA-E8D0-423C-A447-3A1278E5A895}.DebugAndroid|iPhone.Build.0 = DebugAndroid|Any CPU
		{EDD297BA-E8D0-423C-A447-3A1278E5A895}.DebugAndroid|iPhone.Deploy.0 = DebugAndroid|Any CPU
		{EDD297BA-E8D0-423C-A447-3A1278E5A895}.DebugAndroid|iPhoneSimulator.ActiveCfg = DebugAndroid|Any CPU
		{EDD297BA-E8D0-423C-A447-3A1278E5A895}.DebugAndroid|iPhoneSimulator.Build.0 = DebugAndroid|Any CPU
		{EDD297BA-E8D0-423C-A447-3A1278E5A895}.DebugAndroid|iPhoneSimulator.Deploy.0 = DebugAndroid|Any CPU
		{EDD297BA-E8D0-423C-A447-3A1278E5A895}.DebugAndroid|x64.ActiveCfg = DebugAndroid|Any CPU
		{EDD297BA-E8D0-423C-A447-3A1278E5A895}.DebugAndroid|x64.Build.0 = DebugAndroid|Any CPU
		{EDD297BA-E8D0-423C-A447-3A1278E5A895}.DebugAndroid|x64.Deploy.0 = DebugAndroid|Any CPU
		{EDD297BA-E8D0-423C-A447-3A1278E5A895}.DebugAndroid|x86.ActiveCfg = DebugAndroid|x86
		{EDD297BA-E8D0-423C-A447-3A1278E5A895}.DebugAndroid|x86.Build.0 = DebugAndroid|x86
		{EDD297BA-E8D0-423C-A447-3A1278E5A895}.DebugAndroid|x86.Deploy.0 = DebugAndroid|x86
		{EDD297BA-E8D0-423C-A447-3A1278E5A895}.GorillaPlayerDebug|Any CPU.ActiveCfg = Debug|Any CPU
		{EDD297BA-E8D0-423C-A447-3A1278E5A895}.GorillaPlayerDebug|ARM.ActiveCfg = Debug|ARM
		{EDD297BA-E8D0-423C-A447-3A1278E5A895}.GorillaPlayerDebug|iPhone.ActiveCfg = Debug|Any CPU
		{EDD297BA-E8D0-423C-A447-3A1278E5A895}.GorillaPlayerDebug|iPhoneSimulator.ActiveCfg = Debug|Any CPU
		{EDD297BA-E8D0-423C-A447-3A1278E5A895}.GorillaPlayerDebug|x64.ActiveCfg = Debug|Any CPU
		{EDD297BA-E8D0-423C-A447-3A1278E5A895}.GorillaPlayerDebug|x86.ActiveCfg = Debug|x86
		{EDD297BA-E8D0-423C-A447-3A1278E5A895}.Release|Any CPU.ActiveCfg = Release|Any CPU
		{EDD297BA-E8D0-423C-A447-3A1278E5A895}.Release|Any CPU.Build.0 = Release|Any CPU
		{EDD297BA-E8D0-423C-A447-3A1278E5A895}.Release|Any CPU.Deploy.0 = Release|Any CPU
		{EDD297BA-E8D0-423C-A447-3A1278E5A895}.Release|ARM.ActiveCfg = Release|ARM
		{EDD297BA-E8D0-423C-A447-3A1278E5A895}.Release|ARM.Build.0 = Release|ARM
		{EDD297BA-E8D0-423C-A447-3A1278E5A895}.Release|ARM.Deploy.0 = Release|ARM
		{EDD297BA-E8D0-423C-A447-3A1278E5A895}.Release|iPhone.ActiveCfg = Release|Any CPU
		{EDD297BA-E8D0-423C-A447-3A1278E5A895}.Release|iPhone.Build.0 = Release|Any CPU
		{EDD297BA-E8D0-423C-A447-3A1278E5A895}.Release|iPhone.Deploy.0 = Release|Any CPU
		{EDD297BA-E8D0-423C-A447-3A1278E5A895}.Release|iPhoneSimulator.ActiveCfg = Release|Any CPU
		{EDD297BA-E8D0-423C-A447-3A1278E5A895}.Release|iPhoneSimulator.Build.0 = Release|Any CPU
		{EDD297BA-E8D0-423C-A447-3A1278E5A895}.Release|iPhoneSimulator.Deploy.0 = Release|Any CPU
		{EDD297BA-E8D0-423C-A447-3A1278E5A895}.Release|x64.ActiveCfg = Release|Any CPU
		{EDD297BA-E8D0-423C-A447-3A1278E5A895}.Release|x64.Build.0 = Release|Any CPU
		{EDD297BA-E8D0-423C-A447-3A1278E5A895}.Release|x64.Deploy.0 = Release|Any CPU
		{EDD297BA-E8D0-423C-A447-3A1278E5A895}.Release|x86.ActiveCfg = Release|x86
		{EDD297BA-E8D0-423C-A447-3A1278E5A895}.Release|x86.Build.0 = Release|x86
		{EDD297BA-E8D0-423C-A447-3A1278E5A895}.Release|x86.Deploy.0 = Release|x86
	EndGlobalSection
	GlobalSection(SolutionProperties) = preSolution
		HideSolutionNode = FALSE
	EndGlobalSection
EndGlobal
