
Microsoft Visual Studio Solution File, Format Version 12.00
# Visual Studio 14
VisualStudioVersion = 14.0.24720.0
MinimumVisualStudioVersion = 10.0.40219.1
Project("{FAE04EC0-301F-11D3-BF4B-00C04F79EFBC}") = "Heroes.Droid", "Heroes\Heroes.Droid\Heroes.Droid.csproj", "{0254BC48-1877-423D-9853-02BE4C44C655}"
EndProject
Project("{FAE04EC0-301F-11D3-BF4B-00C04F79EFBC}") = "Heroes.iOS", "Heroes\Heroes.iOS\Heroes.iOS.csproj", "{74480E02-3ED4-45AF-898C-23F05C4EA848}"
EndProject
Project("{FAE04EC0-301F-11D3-BF4B-00C04F79EFBC}") = "Heroes.WinPhone", "Heroes\Heroes.WinPhone\Heroes.WinPhone.csproj", "{EDD297BA-E8D0-423C-A447-3A1278E5A895}"
EndProject
Project("{FAE04EC0-301F-11D3-BF4B-00C04F79EFBC}") = "Heroes.UWP", "Heroes\Heroes.UWP\Heroes.UWP.csproj", "{882793B3-AC47-42F7-893D-15B2A6A86D18}"
EndProject
Project("{FAE04EC0-301F-11D3-BF4B-00C04F79EFBC}") = "Heroes.Windows", "Heroes\Heroes.Windows\Heroes.Windows.csproj", "{736CC905-FFC7-4C9D-9A2D-F4CC11F14DF6}"
EndProject
Project("{FAE04EC0-301F-11D3-BF4B-00C04F79EFBC}") = "Heroes", "Heroes\Heroes\Heroes.csproj", "{CD8A647F-6056-49B0-B093-98150D4E2F94}"
EndProject
Global
	GlobalSection(SolutionConfigurationPlatforms) = preSolution
		Ad-Hoc|Any CPU = Ad-Hoc|Any CPU
		Ad-Hoc|ARM = Ad-Hoc|ARM
		Ad-Hoc|iPhone = Ad-Hoc|iPhone
		Ad-Hoc|iPhoneSimulator = Ad-Hoc|iPhoneSimulator
		Ad-Hoc|x64 = Ad-Hoc|x64
		Ad-Hoc|x86 = Ad-Hoc|x86
		AppStore|Any CPU = AppStore|Any CPU
		AppStore|ARM = AppStore|ARM
		AppStore|iPhone = AppStore|iPhone
		AppStore|iPhoneSimulator = AppStore|iPhoneSimulator
		AppStore|x64 = AppStore|x64
		AppStore|x86 = AppStore|x86
		Debug|Any CPU = Debug|Any CPU
		Debug|ARM = Debug|ARM
		Debug|iPhone = Debug|iPhone
		Debug|iPhoneSimulator = Debug|iPhoneSimulator
		Debug|x64 = Debug|x64
		Debug|x86 = Debug|x86
		Gorilla|Any CPU = Gorilla|Any CPU
		Gorilla|ARM = Gorilla|ARM
		Gorilla|iPhone = Gorilla|iPhone
		Gorilla|iPhoneSimulator = Gorilla|iPhoneSimulator
		Gorilla|x64 = Gorilla|x64
		Gorilla|x86 = Gorilla|x86
		Release|Any CPU = Release|Any CPU
		Release|ARM = Release|ARM
		Release|iPhone = Release|iPhone
		Release|iPhoneSimulator = Release|iPhoneSimulator
		Release|x64 = Release|x64
		Release|x86 = Release|x86
	EndGlobalSection
	GlobalSection(ProjectConfigurationPlatforms) = postSolution
		{0254BC48-1877-423D-9853-02BE4C44C655}.Ad-Hoc|Any CPU.ActiveCfg = Release|Any CPU
		{0254BC48-1877-423D-9853-02BE4C44C655}.Ad-Hoc|Any CPU.Build.0 = Release|Any CPU
		{0254BC48-1877-423D-9853-02BE4C44C655}.Ad-Hoc|Any CPU.Deploy.0 = Release|Any CPU
		{0254BC48-1877-423D-9853-02BE4C44C655}.Ad-Hoc|ARM.ActiveCfg = Release|Any CPU
		{0254BC48-1877-423D-9853-02BE4C44C655}.Ad-Hoc|ARM.Build.0 = Release|Any CPU
		{0254BC48-1877-423D-9853-02BE4C44C655}.Ad-Hoc|ARM.Deploy.0 = Release|Any CPU
		{0254BC48-1877-423D-9853-02BE4C44C655}.Ad-Hoc|iPhone.ActiveCfg = Release|Any CPU
		{0254BC48-1877-423D-9853-02BE4C44C655}.Ad-Hoc|iPhone.Build.0 = Release|Any CPU
		{0254BC48-1877-423D-9853-02BE4C44C655}.Ad-Hoc|iPhone.Deploy.0 = Release|Any CPU
		{0254BC48-1877-423D-9853-02BE4C44C655}.Ad-Hoc|iPhoneSimulator.ActiveCfg = Release|Any CPU
		{0254BC48-1877-423D-9853-02BE4C44C655}.Ad-Hoc|iPhoneSimulator.Build.0 = Release|Any CPU
		{0254BC48-1877-423D-9853-02BE4C44C655}.Ad-Hoc|iPhoneSimulator.Deploy.0 = Release|Any CPU
		{0254BC48-1877-423D-9853-02BE4C44C655}.Ad-Hoc|x64.ActiveCfg = Release|Any CPU
		{0254BC48-1877-423D-9853-02BE4C44C655}.Ad-Hoc|x64.Build.0 = Release|Any CPU
		{0254BC48-1877-423D-9853-02BE4C44C655}.Ad-Hoc|x64.Deploy.0 = Release|Any CPU
		{0254BC48-1877-423D-9853-02BE4C44C655}.Ad-Hoc|x86.ActiveCfg = Release|Any CPU
		{0254BC48-1877-423D-9853-02BE4C44C655}.Ad-Hoc|x86.Build.0 = Release|Any CPU
		{0254BC48-1877-423D-9853-02BE4C44C655}.Ad-Hoc|x86.Deploy.0 = Release|Any CPU
		{0254BC48-1877-423D-9853-02BE4C44C655}.AppStore|Any CPU.ActiveCfg = Release|Any CPU
		{0254BC48-1877-423D-9853-02BE4C44C655}.AppStore|Any CPU.Build.0 = Release|Any CPU
		{0254BC48-1877-423D-9853-02BE4C44C655}.AppStore|Any CPU.Deploy.0 = Release|Any CPU
		{0254BC48-1877-423D-9853-02BE4C44C655}.AppStore|ARM.ActiveCfg = Release|Any CPU
		{0254BC48-1877-423D-9853-02BE4C44C655}.AppStore|ARM.Build.0 = Release|Any CPU
		{0254BC48-1877-423D-9853-02BE4C44C655}.AppStore|ARM.Deploy.0 = Release|Any CPU
		{0254BC48-1877-423D-9853-02BE4C44C655}.AppStore|iPhone.ActiveCfg = Release|Any CPU
		{0254BC48-1877-423D-9853-02BE4C44C655}.AppStore|iPhone.Build.0 = Release|Any CPU
		{0254BC48-1877-423D-9853-02BE4C44C655}.AppStore|iPhone.Deploy.0 = Release|Any CPU
		{0254BC48-1877-423D-9853-02BE4C44C655}.AppStore|iPhoneSimulator.ActiveCfg = Release|Any CPU
		{0254BC48-1877-423D-9853-02BE4C44C655}.AppStore|iPhoneSimulator.Build.0 = Release|Any CPU
		{0254BC48-1877-423D-9853-02BE4C44C655}.AppStore|iPhoneSimulator.Deploy.0 = Release|Any CPU
		{0254BC48-1877-423D-9853-02BE4C44C655}.AppStore|x64.ActiveCfg = Release|Any CPU
		{0254BC48-1877-423D-9853-02BE4C44C655}.AppStore|x64.Build.0 = Release|Any CPU
		{0254BC48-1877-423D-9853-02BE4C44C655}.AppStore|x64.Deploy.0 = Release|Any CPU
		{0254BC48-1877-423D-9853-02BE4C44C655}.AppStore|x86.ActiveCfg = Release|Any CPU
		{0254BC48-1877-423D-9853-02BE4C44C655}.AppStore|x86.Build.0 = Release|Any CPU
		{0254BC48-1877-423D-9853-02BE4C44C655}.AppStore|x86.Deploy.0 = Release|Any CPU
		{0254BC48-1877-423D-9853-02BE4C44C655}.Debug|Any CPU.ActiveCfg = Debug|Any CPU
		{0254BC48-1877-423D-9853-02BE4C44C655}.Debug|Any CPU.Build.0 = Debug|Any CPU
		{0254BC48-1877-423D-9853-02BE4C44C655}.Debug|Any CPU.Deploy.0 = Debug|Any CPU
		{0254BC48-1877-423D-9853-02BE4C44C655}.Debug|ARM.ActiveCfg = Debug|Any CPU
		{0254BC48-1877-423D-9853-02BE4C44C655}.Debug|ARM.Build.0 = Debug|Any CPU
		{0254BC48-1877-423D-9853-02BE4C44C655}.Debug|ARM.Deploy.0 = Debug|Any CPU
		{0254BC48-1877-423D-9853-02BE4C44C655}.Debug|iPhone.ActiveCfg = Debug|Any CPU
		{0254BC48-1877-423D-9853-02BE4C44C655}.Debug|iPhone.Build.0 = Debug|Any CPU
		{0254BC48-1877-423D-9853-02BE4C44C655}.Debug|iPhone.Deploy.0 = Debug|Any CPU
		{0254BC48-1877-423D-9853-02BE4C44C655}.Debug|iPhoneSimulator.ActiveCfg = Debug|Any CPU
		{0254BC48-1877-423D-9853-02BE4C44C655}.Debug|iPhoneSimulator.Build.0 = Debug|Any CPU
		{0254BC48-1877-423D-9853-02BE4C44C655}.Debug|iPhoneSimulator.Deploy.0 = Debug|Any CPU
		{0254BC48-1877-423D-9853-02BE4C44C655}.Debug|x64.ActiveCfg = Debug|Any CPU
		{0254BC48-1877-423D-9853-02BE4C44C655}.Debug|x64.Build.0 = Debug|Any CPU
		{0254BC48-1877-423D-9853-02BE4C44C655}.Debug|x64.Deploy.0 = Debug|Any CPU
		{0254BC48-1877-423D-9853-02BE4C44C655}.Debug|x86.ActiveCfg = Debug|Any CPU
		{0254BC48-1877-423D-9853-02BE4C44C655}.Debug|x86.Build.0 = Debug|Any CPU
		{0254BC48-1877-423D-9853-02BE4C44C655}.Debug|x86.Deploy.0 = Debug|Any CPU
		{0254BC48-1877-423D-9853-02BE4C44C655}.Gorilla|Any CPU.ActiveCfg = Gorilla|Any CPU
		{0254BC48-1877-423D-9853-02BE4C44C655}.Gorilla|Any CPU.Build.0 = Gorilla|Any CPU
		{0254BC48-1877-423D-9853-02BE4C44C655}.Gorilla|Any CPU.Deploy.0 = Gorilla|Any CPU
		{0254BC48-1877-423D-9853-02BE4C44C655}.Gorilla|ARM.ActiveCfg = Gorilla|Any CPU
		{0254BC48-1877-423D-9853-02BE4C44C655}.Gorilla|ARM.Build.0 = Gorilla|Any CPU
		{0254BC48-1877-423D-9853-02BE4C44C655}.Gorilla|ARM.Deploy.0 = Gorilla|Any CPU
		{0254BC48-1877-423D-9853-02BE4C44C655}.Gorilla|iPhone.ActiveCfg = Gorilla|Any CPU
		{0254BC48-1877-423D-9853-02BE4C44C655}.Gorilla|iPhone.Build.0 = Gorilla|Any CPU
		{0254BC48-1877-423D-9853-02BE4C44C655}.Gorilla|iPhone.Deploy.0 = Gorilla|Any CPU
		{0254BC48-1877-423D-9853-02BE4C44C655}.Gorilla|iPhoneSimulator.ActiveCfg = Gorilla|Any CPU
		{0254BC48-1877-423D-9853-02BE4C44C655}.Gorilla|iPhoneSimulator.Build.0 = Gorilla|Any CPU
		{0254BC48-1877-423D-9853-02BE4C44C655}.Gorilla|iPhoneSimulator.Deploy.0 = Gorilla|Any CPU
		{0254BC48-1877-423D-9853-02BE4C44C655}.Gorilla|x64.ActiveCfg = Gorilla|Any CPU
		{0254BC48-1877-423D-9853-02BE4C44C655}.Gorilla|x64.Build.0 = Gorilla|Any CPU
		{0254BC48-1877-423D-9853-02BE4C44C655}.Gorilla|x64.Deploy.0 = Gorilla|Any CPU
		{0254BC48-1877-423D-9853-02BE4C44C655}.Gorilla|x86.ActiveCfg = Gorilla|Any CPU
		{0254BC48-1877-423D-9853-02BE4C44C655}.Gorilla|x86.Build.0 = Gorilla|Any CPU
		{0254BC48-1877-423D-9853-02BE4C44C655}.Gorilla|x86.Deploy.0 = Gorilla|Any CPU
		{0254BC48-1877-423D-9853-02BE4C44C655}.Release|Any CPU.ActiveCfg = Release|Any CPU
		{0254BC48-1877-423D-9853-02BE4C44C655}.Release|Any CPU.Build.0 = Release|Any CPU
		{0254BC48-1877-423D-9853-02BE4C44C655}.Release|Any CPU.Deploy.0 = Release|Any CPU
		{0254BC48-1877-423D-9853-02BE4C44C655}.Release|ARM.ActiveCfg = Release|Any CPU
		{0254BC48-1877-423D-9853-02BE4C44C655}.Release|ARM.Build.0 = Release|Any CPU
		{0254BC48-1877-423D-9853-02BE4C44C655}.Release|ARM.Deploy.0 = Release|Any CPU
		{0254BC48-1877-423D-9853-02BE4C44C655}.Release|iPhone.ActiveCfg = Release|Any CPU
		{0254BC48-1877-423D-9853-02BE4C44C655}.Release|iPhone.Build.0 = Release|Any CPU
		{0254BC48-1877-423D-9853-02BE4C44C655}.Release|iPhone.Deploy.0 = Release|Any CPU
		{0254BC48-1877-423D-9853-02BE4C44C655}.Release|iPhoneSimulator.ActiveCfg = Release|Any CPU
		{0254BC48-1877-423D-9853-02BE4C44C655}.Release|iPhoneSimulator.Build.0 = Release|Any CPU
		{0254BC48-1877-423D-9853-02BE4C44C655}.Release|iPhoneSimulator.Deploy.0 = Release|Any CPU
		{0254BC48-1877-423D-9853-02BE4C44C655}.Release|x64.ActiveCfg = Release|Any CPU
		{0254BC48-1877-423D-9853-02BE4C44C655}.Release|x64.Build.0 = Release|Any CPU
		{0254BC48-1877-423D-9853-02BE4C44C655}.Release|x64.Deploy.0 = Release|Any CPU
		{0254BC48-1877-423D-9853-02BE4C44C655}.Release|x86.ActiveCfg = Release|Any CPU
		{0254BC48-1877-423D-9853-02BE4C44C655}.Release|x86.Build.0 = Release|Any CPU
		{0254BC48-1877-423D-9853-02BE4C44C655}.Release|x86.Deploy.0 = Release|Any CPU
		{74480E02-3ED4-45AF-898C-23F05C4EA848}.Ad-Hoc|Any CPU.ActiveCfg = Ad-Hoc|iPhone
		{74480E02-3ED4-45AF-898C-23F05C4EA848}.Ad-Hoc|ARM.ActiveCfg = Ad-Hoc|iPhone
		{74480E02-3ED4-45AF-898C-23F05C4EA848}.Ad-Hoc|iPhone.ActiveCfg = Ad-Hoc|iPhone
		{74480E02-3ED4-45AF-898C-23F05C4EA848}.Ad-Hoc|iPhone.Build.0 = Ad-Hoc|iPhone
		{74480E02-3ED4-45AF-898C-23F05C4EA848}.Ad-Hoc|iPhoneSimulator.ActiveCfg = Ad-Hoc|iPhoneSimulator
		{74480E02-3ED4-45AF-898C-23F05C4EA848}.Ad-Hoc|iPhoneSimulator.Build.0 = Ad-Hoc|iPhoneSimulator
		{74480E02-3ED4-45AF-898C-23F05C4EA848}.Ad-Hoc|x64.ActiveCfg = Ad-Hoc|iPhone
		{74480E02-3ED4-45AF-898C-23F05C4EA848}.Ad-Hoc|x86.ActiveCfg = Ad-Hoc|iPhone
		{74480E02-3ED4-45AF-898C-23F05C4EA848}.AppStore|Any CPU.ActiveCfg = AppStore|iPhone
		{74480E02-3ED4-45AF-898C-23F05C4EA848}.AppStore|ARM.ActiveCfg = AppStore|iPhone
		{74480E02-3ED4-45AF-898C-23F05C4EA848}.AppStore|iPhone.ActiveCfg = AppStore|iPhone
		{74480E02-3ED4-45AF-898C-23F05C4EA848}.AppStore|iPhone.Build.0 = AppStore|iPhone
		{74480E02-3ED4-45AF-898C-23F05C4EA848}.AppStore|iPhoneSimulator.ActiveCfg = AppStore|iPhoneSimulator
		{74480E02-3ED4-45AF-898C-23F05C4EA848}.AppStore|iPhoneSimulator.Build.0 = AppStore|iPhoneSimulator
		{74480E02-3ED4-45AF-898C-23F05C4EA848}.AppStore|x64.ActiveCfg = AppStore|iPhone
		{74480E02-3ED4-45AF-898C-23F05C4EA848}.AppStore|x86.ActiveCfg = AppStore|iPhone
		{74480E02-3ED4-45AF-898C-23F05C4EA848}.Debug|Any CPU.ActiveCfg = Debug|iPhone
		{74480E02-3ED4-45AF-898C-23F05C4EA848}.Debug|ARM.ActiveCfg = Debug|iPhone
		{74480E02-3ED4-45AF-898C-23F05C4EA848}.Debug|iPhone.ActiveCfg = Debug|iPhone
		{74480E02-3ED4-45AF-898C-23F05C4EA848}.Debug|iPhone.Build.0 = Debug|iPhone
		{74480E02-3ED4-45AF-898C-23F05C4EA848}.Debug|iPhoneSimulator.ActiveCfg = Debug|iPhoneSimulator
		{74480E02-3ED4-45AF-898C-23F05C4EA848}.Debug|iPhoneSimulator.Build.0 = Debug|iPhoneSimulator
		{74480E02-3ED4-45AF-898C-23F05C4EA848}.Debug|x64.ActiveCfg = Debug|iPhone
		{74480E02-3ED4-45AF-898C-23F05C4EA848}.Debug|x86.ActiveCfg = Debug|iPhone
		{74480E02-3ED4-45AF-898C-23F05C4EA848}.Gorilla|Any CPU.ActiveCfg = Gorilla|iPhone
		{74480E02-3ED4-45AF-898C-23F05C4EA848}.Gorilla|ARM.ActiveCfg = Gorilla|iPhone
		{74480E02-3ED4-45AF-898C-23F05C4EA848}.Gorilla|iPhone.ActiveCfg = Gorilla|iPhone
		{74480E02-3ED4-45AF-898C-23F05C4EA848}.Gorilla|iPhoneSimulator.ActiveCfg = Gorilla|iPhoneSimulator
		{74480E02-3ED4-45AF-898C-23F05C4EA848}.Gorilla|x64.ActiveCfg = Gorilla|iPhone
		{74480E02-3ED4-45AF-898C-23F05C4EA848}.Gorilla|x86.ActiveCfg = Gorilla|iPhone
		{74480E02-3ED4-45AF-898C-23F05C4EA848}.Release|Any CPU.ActiveCfg = Release|iPhone
		{74480E02-3ED4-45AF-898C-23F05C4EA848}.Release|ARM.ActiveCfg = Release|iPhone
		{74480E02-3ED4-45AF-898C-23F05C4EA848}.Release|iPhone.ActiveCfg = Release|iPhone
		{74480E02-3ED4-45AF-898C-23F05C4EA848}.Release|iPhone.Build.0 = Release|iPhone
		{74480E02-3ED4-45AF-898C-23F05C4EA848}.Release|iPhoneSimulator.ActiveCfg = Release|iPhoneSimulator
		{74480E02-3ED4-45AF-898C-23F05C4EA848}.Release|iPhoneSimulator.Build.0 = Release|iPhoneSimulator
		{74480E02-3ED4-45AF-898C-23F05C4EA848}.Release|x64.ActiveCfg = Release|iPhone
		{74480E02-3ED4-45AF-898C-23F05C4EA848}.Release|x86.ActiveCfg = Release|iPhone
		{EDD297BA-E8D0-423C-A447-3A1278E5A895}.Ad-Hoc|Any CPU.ActiveCfg = Release|Any CPU
		{EDD297BA-E8D0-423C-A447-3A1278E5A895}.Ad-Hoc|Any CPU.Build.0 = Release|Any CPU
		{EDD297BA-E8D0-423C-A447-3A1278E5A895}.Ad-Hoc|Any CPU.Deploy.0 = Release|Any CPU
		{EDD297BA-E8D0-423C-A447-3A1278E5A895}.Ad-Hoc|ARM.ActiveCfg = Release|ARM
		{EDD297BA-E8D0-423C-A447-3A1278E5A895}.Ad-Hoc|ARM.Build.0 = Release|ARM
		{EDD297BA-E8D0-423C-A447-3A1278E5A895}.Ad-Hoc|ARM.Deploy.0 = Release|ARM
		{EDD297BA-E8D0-423C-A447-3A1278E5A895}.Ad-Hoc|iPhone.ActiveCfg = Release|Any CPU
		{EDD297BA-E8D0-423C-A447-3A1278E5A895}.Ad-Hoc|iPhone.Build.0 = Release|Any CPU
		{EDD297BA-E8D0-423C-A447-3A1278E5A895}.Ad-Hoc|iPhone.Deploy.0 = Release|Any CPU
		{EDD297BA-E8D0-423C-A447-3A1278E5A895}.Ad-Hoc|iPhoneSimulator.ActiveCfg = Release|Any CPU
		{EDD297BA-E8D0-423C-A447-3A1278E5A895}.Ad-Hoc|iPhoneSimulator.Build.0 = Release|Any CPU
		{EDD297BA-E8D0-423C-A447-3A1278E5A895}.Ad-Hoc|iPhoneSimulator.Deploy.0 = Release|Any CPU
		{EDD297BA-E8D0-423C-A447-3A1278E5A895}.Ad-Hoc|x64.ActiveCfg = Release|Any CPU
		{EDD297BA-E8D0-423C-A447-3A1278E5A895}.Ad-Hoc|x64.Build.0 = Release|Any CPU
		{EDD297BA-E8D0-423C-A447-3A1278E5A895}.Ad-Hoc|x64.Deploy.0 = Release|Any CPU
		{EDD297BA-E8D0-423C-A447-3A1278E5A895}.Ad-Hoc|x86.ActiveCfg = Release|x86
		{EDD297BA-E8D0-423C-A447-3A1278E5A895}.Ad-Hoc|x86.Build.0 = Release|x86
		{EDD297BA-E8D0-423C-A447-3A1278E5A895}.Ad-Hoc|x86.Deploy.0 = Release|x86
		{EDD297BA-E8D0-423C-A447-3A1278E5A895}.AppStore|Any CPU.ActiveCfg = Release|Any CPU
		{EDD297BA-E8D0-423C-A447-3A1278E5A895}.AppStore|Any CPU.Build.0 = Release|Any CPU
		{EDD297BA-E8D0-423C-A447-3A1278E5A895}.AppStore|Any CPU.Deploy.0 = Release|Any CPU
		{EDD297BA-E8D0-423C-A447-3A1278E5A895}.AppStore|ARM.ActiveCfg = Release|ARM
		{EDD297BA-E8D0-423C-A447-3A1278E5A895}.AppStore|ARM.Build.0 = Release|ARM
		{EDD297BA-E8D0-423C-A447-3A1278E5A895}.AppStore|ARM.Deploy.0 = Release|ARM
		{EDD297BA-E8D0-423C-A447-3A1278E5A895}.AppStore|iPhone.ActiveCfg = Release|Any CPU
		{EDD297BA-E8D0-423C-A447-3A1278E5A895}.AppStore|iPhone.Build.0 = Release|Any CPU
		{EDD297BA-E8D0-423C-A447-3A1278E5A895}.AppStore|iPhone.Deploy.0 = Release|Any CPU
		{EDD297BA-E8D0-423C-A447-3A1278E5A895}.AppStore|iPhoneSimulator.ActiveCfg = Release|Any CPU
		{EDD297BA-E8D0-423C-A447-3A1278E5A895}.AppStore|iPhoneSimulator.Build.0 = Release|Any CPU
		{EDD297BA-E8D0-423C-A447-3A1278E5A895}.AppStore|iPhoneSimulator.Deploy.0 = Release|Any CPU
		{EDD297BA-E8D0-423C-A447-3A1278E5A895}.AppStore|x64.ActiveCfg = Release|Any CPU
		{EDD297BA-E8D0-423C-A447-3A1278E5A895}.AppStore|x64.Build.0 = Release|Any CPU
		{EDD297BA-E8D0-423C-A447-3A1278E5A895}.AppStore|x64.Deploy.0 = Release|Any CPU
		{EDD297BA-E8D0-423C-A447-3A1278E5A895}.AppStore|x86.ActiveCfg = Release|x86
		{EDD297BA-E8D0-423C-A447-3A1278E5A895}.AppStore|x86.Build.0 = Release|x86
		{EDD297BA-E8D0-423C-A447-3A1278E5A895}.AppStore|x86.Deploy.0 = Release|x86
		{EDD297BA-E8D0-423C-A447-3A1278E5A895}.Debug|Any CPU.ActiveCfg = Debug|Any CPU
		{EDD297BA-E8D0-423C-A447-3A1278E5A895}.Debug|Any CPU.Build.0 = Debug|Any CPU
		{EDD297BA-E8D0-423C-A447-3A1278E5A895}.Debug|Any CPU.Deploy.0 = Debug|Any CPU
		{EDD297BA-E8D0-423C-A447-3A1278E5A895}.Debug|ARM.ActiveCfg = Debug|ARM
		{EDD297BA-E8D0-423C-A447-3A1278E5A895}.Debug|ARM.Build.0 = Debug|ARM
		{EDD297BA-E8D0-423C-A447-3A1278E5A895}.Debug|ARM.Deploy.0 = Debug|ARM
		{EDD297BA-E8D0-423C-A447-3A1278E5A895}.Debug|iPhone.ActiveCfg = Debug|Any CPU
		{EDD297BA-E8D0-423C-A447-3A1278E5A895}.Debug|iPhone.Build.0 = Debug|Any CPU
		{EDD297BA-E8D0-423C-A447-3A1278E5A895}.Debug|iPhone.Deploy.0 = Debug|Any CPU
		{EDD297BA-E8D0-423C-A447-3A1278E5A895}.Debug|iPhoneSimulator.ActiveCfg = Debug|Any CPU
		{EDD297BA-E8D0-423C-A447-3A1278E5A895}.Debug|iPhoneSimulator.Build.0 = Debug|Any CPU
		{EDD297BA-E8D0-423C-A447-3A1278E5A895}.Debug|iPhoneSimulator.Deploy.0 = Debug|Any CPU
		{EDD297BA-E8D0-423C-A447-3A1278E5A895}.Debug|x64.ActiveCfg = Debug|Any CPU
		{EDD297BA-E8D0-423C-A447-3A1278E5A895}.Debug|x64.Build.0 = Debug|Any CPU
		{EDD297BA-E8D0-423C-A447-3A1278E5A895}.Debug|x64.Deploy.0 = Debug|Any CPU
		{EDD297BA-E8D0-423C-A447-3A1278E5A895}.Debug|x86.ActiveCfg = Debug|x86
		{EDD297BA-E8D0-423C-A447-3A1278E5A895}.Debug|x86.Build.0 = Debug|x86
		{EDD297BA-E8D0-423C-A447-3A1278E5A895}.Debug|x86.Deploy.0 = Debug|x86
		{EDD297BA-E8D0-423C-A447-3A1278E5A895}.Gorilla|Any CPU.ActiveCfg = Gorilla|Any CPU
		{EDD297BA-E8D0-423C-A447-3A1278E5A895}.Gorilla|Any CPU.Deploy.0 = Gorilla|Any CPU
		{EDD297BA-E8D0-423C-A447-3A1278E5A895}.Gorilla|ARM.ActiveCfg = Gorilla|ARM
		{EDD297BA-E8D0-423C-A447-3A1278E5A895}.Gorilla|ARM.Build.0 = Gorilla|ARM
		{EDD297BA-E8D0-423C-A447-3A1278E5A895}.Gorilla|ARM.Deploy.0 = Gorilla|ARM
		{EDD297BA-E8D0-423C-A447-3A1278E5A895}.Gorilla|iPhone.ActiveCfg = Gorilla|Any CPU
		{EDD297BA-E8D0-423C-A447-3A1278E5A895}.Gorilla|iPhone.Build.0 = Gorilla|Any CPU
		{EDD297BA-E8D0-423C-A447-3A1278E5A895}.Gorilla|iPhone.Deploy.0 = Gorilla|Any CPU
		{EDD297BA-E8D0-423C-A447-3A1278E5A895}.Gorilla|iPhoneSimulator.ActiveCfg = Gorilla|Any CPU
		{EDD297BA-E8D0-423C-A447-3A1278E5A895}.Gorilla|iPhoneSimulator.Build.0 = Gorilla|Any CPU
		{EDD297BA-E8D0-423C-A447-3A1278E5A895}.Gorilla|iPhoneSimulator.Deploy.0 = Gorilla|Any CPU
		{EDD297BA-E8D0-423C-A447-3A1278E5A895}.Gorilla|x64.ActiveCfg = Gorilla|Any CPU
		{EDD297BA-E8D0-423C-A447-3A1278E5A895}.Gorilla|x64.Build.0 = Gorilla|Any CPU
		{EDD297BA-E8D0-423C-A447-3A1278E5A895}.Gorilla|x64.Deploy.0 = Gorilla|Any CPU
		{EDD297BA-E8D0-423C-A447-3A1278E5A895}.Gorilla|x86.ActiveCfg = Gorilla|x86
		{EDD297BA-E8D0-423C-A447-3A1278E5A895}.Gorilla|x86.Build.0 = Gorilla|x86
		{EDD297BA-E8D0-423C-A447-3A1278E5A895}.Gorilla|x86.Deploy.0 = Gorilla|x86
		{EDD297BA-E8D0-423C-A447-3A1278E5A895}.Release|Any CPU.ActiveCfg = Release|Any CPU
		{EDD297BA-E8D0-423C-A447-3A1278E5A895}.Release|Any CPU.Build.0 = Release|Any CPU
		{EDD297BA-E8D0-423C-A447-3A1278E5A895}.Release|Any CPU.Deploy.0 = Release|Any CPU
		{EDD297BA-E8D0-423C-A447-3A1278E5A895}.Release|ARM.ActiveCfg = Release|ARM
		{EDD297BA-E8D0-423C-A447-3A1278E5A895}.Release|ARM.Build.0 = Release|ARM
		{EDD297BA-E8D0-423C-A447-3A1278E5A895}.Release|ARM.Deploy.0 = Release|ARM
		{EDD297BA-E8D0-423C-A447-3A1278E5A895}.Release|iPhone.ActiveCfg = Release|Any CPU
		{EDD297BA-E8D0-423C-A447-3A1278E5A895}.Release|iPhone.Build.0 = Release|Any CPU
		{EDD297BA-E8D0-423C-A447-3A1278E5A895}.Release|iPhone.Deploy.0 = Release|Any CPU
		{EDD297BA-E8D0-423C-A447-3A1278E5A895}.Release|iPhoneSimulator.ActiveCfg = Release|Any CPU
		{EDD297BA-E8D0-423C-A447-3A1278E5A895}.Release|iPhoneSimulator.Build.0 = Release|Any CPU
		{EDD297BA-E8D0-423C-A447-3A1278E5A895}.Release|iPhoneSimulator.Deploy.0 = Release|Any CPU
		{EDD297BA-E8D0-423C-A447-3A1278E5A895}.Release|x64.ActiveCfg = Release|Any CPU
		{EDD297BA-E8D0-423C-A447-3A1278E5A895}.Release|x64.Build.0 = Release|Any CPU
		{EDD297BA-E8D0-423C-A447-3A1278E5A895}.Release|x64.Deploy.0 = Release|Any CPU
		{EDD297BA-E8D0-423C-A447-3A1278E5A895}.Release|x86.ActiveCfg = Release|x86
		{EDD297BA-E8D0-423C-A447-3A1278E5A895}.Release|x86.Build.0 = Release|x86
		{EDD297BA-E8D0-423C-A447-3A1278E5A895}.Release|x86.Deploy.0 = Release|x86
		{882793B3-AC47-42F7-893D-15B2A6A86D18}.Ad-Hoc|Any CPU.ActiveCfg = Release|x86
		{882793B3-AC47-42F7-893D-15B2A6A86D18}.Ad-Hoc|Any CPU.Build.0 = Release|x86
		{882793B3-AC47-42F7-893D-15B2A6A86D18}.Ad-Hoc|Any CPU.Deploy.0 = Release|x86
		{882793B3-AC47-42F7-893D-15B2A6A86D18}.Ad-Hoc|ARM.ActiveCfg = Release|ARM
		{882793B3-AC47-42F7-893D-15B2A6A86D18}.Ad-Hoc|ARM.Build.0 = Release|ARM
		{882793B3-AC47-42F7-893D-15B2A6A86D18}.Ad-Hoc|ARM.Deploy.0 = Release|ARM
		{882793B3-AC47-42F7-893D-15B2A6A86D18}.Ad-Hoc|iPhone.ActiveCfg = Release|x86
		{882793B3-AC47-42F7-893D-15B2A6A86D18}.Ad-Hoc|iPhone.Build.0 = Release|x86
		{882793B3-AC47-42F7-893D-15B2A6A86D18}.Ad-Hoc|iPhone.Deploy.0 = Release|x86
		{882793B3-AC47-42F7-893D-15B2A6A86D18}.Ad-Hoc|iPhoneSimulator.ActiveCfg = Release|x86
		{882793B3-AC47-42F7-893D-15B2A6A86D18}.Ad-Hoc|iPhoneSimulator.Build.0 = Release|x86
		{882793B3-AC47-42F7-893D-15B2A6A86D18}.Ad-Hoc|iPhoneSimulator.Deploy.0 = Release|x86
		{882793B3-AC47-42F7-893D-15B2A6A86D18}.Ad-Hoc|x64.ActiveCfg = Release|x64
		{882793B3-AC47-42F7-893D-15B2A6A86D18}.Ad-Hoc|x64.Build.0 = Release|x64
		{882793B3-AC47-42F7-893D-15B2A6A86D18}.Ad-Hoc|x64.Deploy.0 = Release|x64
		{882793B3-AC47-42F7-893D-15B2A6A86D18}.Ad-Hoc|x86.ActiveCfg = Release|x86
		{882793B3-AC47-42F7-893D-15B2A6A86D18}.Ad-Hoc|x86.Build.0 = Release|x86
		{882793B3-AC47-42F7-893D-15B2A6A86D18}.Ad-Hoc|x86.Deploy.0 = Release|x86
		{882793B3-AC47-42F7-893D-15B2A6A86D18}.AppStore|Any CPU.ActiveCfg = Release|x86
		{882793B3-AC47-42F7-893D-15B2A6A86D18}.AppStore|Any CPU.Build.0 = Release|x86
		{882793B3-AC47-42F7-893D-15B2A6A86D18}.AppStore|Any CPU.Deploy.0 = Release|x86
		{882793B3-AC47-42F7-893D-15B2A6A86D18}.AppStore|ARM.ActiveCfg = Release|ARM
		{882793B3-AC47-42F7-893D-15B2A6A86D18}.AppStore|ARM.Build.0 = Release|ARM
		{882793B3-AC47-42F7-893D-15B2A6A86D18}.AppStore|ARM.Deploy.0 = Release|ARM
		{882793B3-AC47-42F7-893D-15B2A6A86D18}.AppStore|iPhone.ActiveCfg = Release|x86
		{882793B3-AC47-42F7-893D-15B2A6A86D18}.AppStore|iPhone.Build.0 = Release|x86
		{882793B3-AC47-42F7-893D-15B2A6A86D18}.AppStore|iPhone.Deploy.0 = Release|x86
		{882793B3-AC47-42F7-893D-15B2A6A86D18}.AppStore|iPhoneSimulator.ActiveCfg = Release|x86
		{882793B3-AC47-42F7-893D-15B2A6A86D18}.AppStore|iPhoneSimulator.Build.0 = Release|x86
		{882793B3-AC47-42F7-893D-15B2A6A86D18}.AppStore|iPhoneSimulator.Deploy.0 = Release|x86
		{882793B3-AC47-42F7-893D-15B2A6A86D18}.AppStore|x64.ActiveCfg = Release|x64
		{882793B3-AC47-42F7-893D-15B2A6A86D18}.AppStore|x64.Build.0 = Release|x64
		{882793B3-AC47-42F7-893D-15B2A6A86D18}.AppStore|x64.Deploy.0 = Release|x64
		{882793B3-AC47-42F7-893D-15B2A6A86D18}.AppStore|x86.ActiveCfg = Release|x86
		{882793B3-AC47-42F7-893D-15B2A6A86D18}.AppStore|x86.Build.0 = Release|x86
		{882793B3-AC47-42F7-893D-15B2A6A86D18}.AppStore|x86.Deploy.0 = Release|x86
		{882793B3-AC47-42F7-893D-15B2A6A86D18}.Debug|Any CPU.ActiveCfg = Debug|x86
		{882793B3-AC47-42F7-893D-15B2A6A86D18}.Debug|ARM.ActiveCfg = Debug|ARM
		{882793B3-AC47-42F7-893D-15B2A6A86D18}.Debug|ARM.Build.0 = Debug|ARM
		{882793B3-AC47-42F7-893D-15B2A6A86D18}.Debug|ARM.Deploy.0 = Debug|ARM
		{882793B3-AC47-42F7-893D-15B2A6A86D18}.Debug|iPhone.ActiveCfg = Debug|x86
		{882793B3-AC47-42F7-893D-15B2A6A86D18}.Debug|iPhoneSimulator.ActiveCfg = Debug|x86
		{882793B3-AC47-42F7-893D-15B2A6A86D18}.Debug|x64.ActiveCfg = Debug|x64
		{882793B3-AC47-42F7-893D-15B2A6A86D18}.Debug|x64.Build.0 = Debug|x64
		{882793B3-AC47-42F7-893D-15B2A6A86D18}.Debug|x64.Deploy.0 = Debug|x64
		{882793B3-AC47-42F7-893D-15B2A6A86D18}.Debug|x86.ActiveCfg = Debug|x86
		{882793B3-AC47-42F7-893D-15B2A6A86D18}.Debug|x86.Build.0 = Debug|x86
		{882793B3-AC47-42F7-893D-15B2A6A86D18}.Debug|x86.Deploy.0 = Debug|x86
		{882793B3-AC47-42F7-893D-15B2A6A86D18}.Gorilla|Any CPU.ActiveCfg = Gorilla|x86
		{882793B3-AC47-42F7-893D-15B2A6A86D18}.Gorilla|ARM.ActiveCfg = Gorilla|ARM
		{882793B3-AC47-42F7-893D-15B2A6A86D18}.Gorilla|ARM.Deploy.0 = Gorilla|ARM
		{882793B3-AC47-42F7-893D-15B2A6A86D18}.Gorilla|iPhone.ActiveCfg = Gorilla|x86
		{882793B3-AC47-42F7-893D-15B2A6A86D18}.Gorilla|iPhoneSimulator.ActiveCfg = Gorilla|x86
		{882793B3-AC47-42F7-893D-15B2A6A86D18}.Gorilla|x64.ActiveCfg = Gorilla|x64
		{882793B3-AC47-42F7-893D-15B2A6A86D18}.Gorilla|x64.Deploy.0 = Gorilla|x64
		{882793B3-AC47-42F7-893D-15B2A6A86D18}.Gorilla|x86.ActiveCfg = Gorilla|x86
		{882793B3-AC47-42F7-893D-15B2A6A86D18}.Gorilla|x86.Deploy.0 = Gorilla|x86
		{882793B3-AC47-42F7-893D-15B2A6A86D18}.Release|Any CPU.ActiveCfg = Release|x86
		{882793B3-AC47-42F7-893D-15B2A6A86D18}.Release|ARM.ActiveCfg = Release|ARM
		{882793B3-AC47-42F7-893D-15B2A6A86D18}.Release|ARM.Build.0 = Release|ARM
		{882793B3-AC47-42F7-893D-15B2A6A86D18}.Release|ARM.Deploy.0 = Release|ARM
		{882793B3-AC47-42F7-893D-15B2A6A86D18}.Release|iPhone.ActiveCfg = Release|x86
		{882793B3-AC47-42F7-893D-15B2A6A86D18}.Release|iPhoneSimulator.ActiveCfg = Release|x86
		{882793B3-AC47-42F7-893D-15B2A6A86D18}.Release|x64.ActiveCfg = Release|x64
		{882793B3-AC47-42F7-893D-15B2A6A86D18}.Release|x64.Build.0 = Release|x64
		{882793B3-AC47-42F7-893D-15B2A6A86D18}.Release|x64.Deploy.0 = Release|x64
		{882793B3-AC47-42F7-893D-15B2A6A86D18}.Release|x86.ActiveCfg = Release|x86
		{882793B3-AC47-42F7-893D-15B2A6A86D18}.Release|x86.Build.0 = Release|x86
		{882793B3-AC47-42F7-893D-15B2A6A86D18}.Release|x86.Deploy.0 = Release|x86
		{736CC905-FFC7-4C9D-9A2D-F4CC11F14DF6}.Ad-Hoc|Any CPU.ActiveCfg = Release|Any CPU
		{736CC905-FFC7-4C9D-9A2D-F4CC11F14DF6}.Ad-Hoc|Any CPU.Build.0 = Release|Any CPU
		{736CC905-FFC7-4C9D-9A2D-F4CC11F14DF6}.Ad-Hoc|Any CPU.Deploy.0 = Release|Any CPU
		{736CC905-FFC7-4C9D-9A2D-F4CC11F14DF6}.Ad-Hoc|ARM.ActiveCfg = Release|ARM
		{736CC905-FFC7-4C9D-9A2D-F4CC11F14DF6}.Ad-Hoc|ARM.Build.0 = Release|ARM
		{736CC905-FFC7-4C9D-9A2D-F4CC11F14DF6}.Ad-Hoc|ARM.Deploy.0 = Release|ARM
		{736CC905-FFC7-4C9D-9A2D-F4CC11F14DF6}.Ad-Hoc|iPhone.ActiveCfg = Release|Any CPU
		{736CC905-FFC7-4C9D-9A2D-F4CC11F14DF6}.Ad-Hoc|iPhone.Build.0 = Release|Any CPU
		{736CC905-FFC7-4C9D-9A2D-F4CC11F14DF6}.Ad-Hoc|iPhone.Deploy.0 = Release|Any CPU
		{736CC905-FFC7-4C9D-9A2D-F4CC11F14DF6}.Ad-Hoc|iPhoneSimulator.ActiveCfg = Release|Any CPU
		{736CC905-FFC7-4C9D-9A2D-F4CC11F14DF6}.Ad-Hoc|iPhoneSimulator.Build.0 = Release|Any CPU
		{736CC905-FFC7-4C9D-9A2D-F4CC11F14DF6}.Ad-Hoc|iPhoneSimulator.Deploy.0 = Release|Any CPU
		{736CC905-FFC7-4C9D-9A2D-F4CC11F14DF6}.Ad-Hoc|x64.ActiveCfg = Release|x64
		{736CC905-FFC7-4C9D-9A2D-F4CC11F14DF6}.Ad-Hoc|x64.Build.0 = Release|x64
		{736CC905-FFC7-4C9D-9A2D-F4CC11F14DF6}.Ad-Hoc|x64.Deploy.0 = Release|x64
		{736CC905-FFC7-4C9D-9A2D-F4CC11F14DF6}.Ad-Hoc|x86.ActiveCfg = Release|x86
		{736CC905-FFC7-4C9D-9A2D-F4CC11F14DF6}.Ad-Hoc|x86.Build.0 = Release|x86
		{736CC905-FFC7-4C9D-9A2D-F4CC11F14DF6}.Ad-Hoc|x86.Deploy.0 = Release|x86
		{736CC905-FFC7-4C9D-9A2D-F4CC11F14DF6}.AppStore|Any CPU.ActiveCfg = Release|Any CPU
		{736CC905-FFC7-4C9D-9A2D-F4CC11F14DF6}.AppStore|Any CPU.Build.0 = Release|Any CPU
		{736CC905-FFC7-4C9D-9A2D-F4CC11F14DF6}.AppStore|Any CPU.Deploy.0 = Release|Any CPU
		{736CC905-FFC7-4C9D-9A2D-F4CC11F14DF6}.AppStore|ARM.ActiveCfg = Release|ARM
		{736CC905-FFC7-4C9D-9A2D-F4CC11F14DF6}.AppStore|ARM.Build.0 = Release|ARM
		{736CC905-FFC7-4C9D-9A2D-F4CC11F14DF6}.AppStore|ARM.Deploy.0 = Release|ARM
		{736CC905-FFC7-4C9D-9A2D-F4CC11F14DF6}.AppStore|iPhone.ActiveCfg = Release|Any CPU
		{736CC905-FFC7-4C9D-9A2D-F4CC11F14DF6}.AppStore|iPhone.Build.0 = Release|Any CPU
		{736CC905-FFC7-4C9D-9A2D-F4CC11F14DF6}.AppStore|iPhone.Deploy.0 = Release|Any CPU
		{736CC905-FFC7-4C9D-9A2D-F4CC11F14DF6}.AppStore|iPhoneSimulator.ActiveCfg = Release|Any CPU
		{736CC905-FFC7-4C9D-9A2D-F4CC11F14DF6}.AppStore|iPhoneSimulator.Build.0 = Release|Any CPU
		{736CC905-FFC7-4C9D-9A2D-F4CC11F14DF6}.AppStore|iPhoneSimulator.Deploy.0 = Release|Any CPU
		{736CC905-FFC7-4C9D-9A2D-F4CC11F14DF6}.AppStore|x64.ActiveCfg = Release|x64
		{736CC905-FFC7-4C9D-9A2D-F4CC11F14DF6}.AppStore|x64.Build.0 = Release|x64
		{736CC905-FFC7-4C9D-9A2D-F4CC11F14DF6}.AppStore|x64.Deploy.0 = Release|x64
		{736CC905-FFC7-4C9D-9A2D-F4CC11F14DF6}.AppStore|x86.ActiveCfg = Release|x86
		{736CC905-FFC7-4C9D-9A2D-F4CC11F14DF6}.AppStore|x86.Build.0 = Release|x86
		{736CC905-FFC7-4C9D-9A2D-F4CC11F14DF6}.AppStore|x86.Deploy.0 = Release|x86
		{736CC905-FFC7-4C9D-9A2D-F4CC11F14DF6}.Debug|Any CPU.ActiveCfg = Debug|Any CPU
		{736CC905-FFC7-4C9D-9A2D-F4CC11F14DF6}.Debug|Any CPU.Build.0 = Debug|Any CPU
		{736CC905-FFC7-4C9D-9A2D-F4CC11F14DF6}.Debug|Any CPU.Deploy.0 = Debug|Any CPU
		{736CC905-FFC7-4C9D-9A2D-F4CC11F14DF6}.Debug|ARM.ActiveCfg = Debug|ARM
		{736CC905-FFC7-4C9D-9A2D-F4CC11F14DF6}.Debug|ARM.Build.0 = Debug|ARM
		{736CC905-FFC7-4C9D-9A2D-F4CC11F14DF6}.Debug|ARM.Deploy.0 = Debug|ARM
		{736CC905-FFC7-4C9D-9A2D-F4CC11F14DF6}.Debug|iPhone.ActiveCfg = Debug|Any CPU
		{736CC905-FFC7-4C9D-9A2D-F4CC11F14DF6}.Debug|iPhone.Build.0 = Debug|Any CPU
		{736CC905-FFC7-4C9D-9A2D-F4CC11F14DF6}.Debug|iPhone.Deploy.0 = Debug|Any CPU
		{736CC905-FFC7-4C9D-9A2D-F4CC11F14DF6}.Debug|iPhoneSimulator.ActiveCfg = Debug|Any CPU
		{736CC905-FFC7-4C9D-9A2D-F4CC11F14DF6}.Debug|iPhoneSimulator.Build.0 = Debug|Any CPU
		{736CC905-FFC7-4C9D-9A2D-F4CC11F14DF6}.Debug|iPhoneSimulator.Deploy.0 = Debug|Any CPU
		{736CC905-FFC7-4C9D-9A2D-F4CC11F14DF6}.Debug|x64.ActiveCfg = Debug|x64
		{736CC905-FFC7-4C9D-9A2D-F4CC11F14DF6}.Debug|x64.Build.0 = Debug|x64
		{736CC905-FFC7-4C9D-9A2D-F4CC11F14DF6}.Debug|x64.Deploy.0 = Debug|x64
		{736CC905-FFC7-4C9D-9A2D-F4CC11F14DF6}.Debug|x86.ActiveCfg = Debug|x86
		{736CC905-FFC7-4C9D-9A2D-F4CC11F14DF6}.Debug|x86.Build.0 = Debug|x86
		{736CC905-FFC7-4C9D-9A2D-F4CC11F14DF6}.Debug|x86.Deploy.0 = Debug|x86
		{736CC905-FFC7-4C9D-9A2D-F4CC11F14DF6}.Gorilla|Any CPU.ActiveCfg = Gorilla|Any CPU
		{736CC905-FFC7-4C9D-9A2D-F4CC11F14DF6}.Gorilla|Any CPU.Deploy.0 = Gorilla|Any CPU
		{736CC905-FFC7-4C9D-9A2D-F4CC11F14DF6}.Gorilla|ARM.ActiveCfg = Gorilla|ARM
		{736CC905-FFC7-4C9D-9A2D-F4CC11F14DF6}.Gorilla|ARM.Build.0 = Gorilla|ARM
		{736CC905-FFC7-4C9D-9A2D-F4CC11F14DF6}.Gorilla|ARM.Deploy.0 = Gorilla|ARM
		{736CC905-FFC7-4C9D-9A2D-F4CC11F14DF6}.Gorilla|iPhone.ActiveCfg = Gorilla|Any CPU
		{736CC905-FFC7-4C9D-9A2D-F4CC11F14DF6}.Gorilla|iPhone.Build.0 = Gorilla|Any CPU
		{736CC905-FFC7-4C9D-9A2D-F4CC11F14DF6}.Gorilla|iPhone.Deploy.0 = Gorilla|Any CPU
		{736CC905-FFC7-4C9D-9A2D-F4CC11F14DF6}.Gorilla|iPhoneSimulator.ActiveCfg = Gorilla|Any CPU
		{736CC905-FFC7-4C9D-9A2D-F4CC11F14DF6}.Gorilla|iPhoneSimulator.Build.0 = Gorilla|Any CPU
		{736CC905-FFC7-4C9D-9A2D-F4CC11F14DF6}.Gorilla|iPhoneSimulator.Deploy.0 = Gorilla|Any CPU
		{736CC905-FFC7-4C9D-9A2D-F4CC11F14DF6}.Gorilla|x64.ActiveCfg = Gorilla|x64
		{736CC905-FFC7-4C9D-9A2D-F4CC11F14DF6}.Gorilla|x64.Build.0 = Gorilla|x64
		{736CC905-FFC7-4C9D-9A2D-F4CC11F14DF6}.Gorilla|x64.Deploy.0 = Gorilla|x64
		{736CC905-FFC7-4C9D-9A2D-F4CC11F14DF6}.Gorilla|x86.ActiveCfg = Gorilla|x86
		{736CC905-FFC7-4C9D-9A2D-F4CC11F14DF6}.Gorilla|x86.Build.0 = Gorilla|x86
		{736CC905-FFC7-4C9D-9A2D-F4CC11F14DF6}.Gorilla|x86.Deploy.0 = Gorilla|x86
		{736CC905-FFC7-4C9D-9A2D-F4CC11F14DF6}.Release|Any CPU.ActiveCfg = Release|Any CPU
		{736CC905-FFC7-4C9D-9A2D-F4CC11F14DF6}.Release|Any CPU.Build.0 = Release|Any CPU
		{736CC905-FFC7-4C9D-9A2D-F4CC11F14DF6}.Release|Any CPU.Deploy.0 = Release|Any CPU
		{736CC905-FFC7-4C9D-9A2D-F4CC11F14DF6}.Release|ARM.ActiveCfg = Release|ARM
		{736CC905-FFC7-4C9D-9A2D-F4CC11F14DF6}.Release|ARM.Build.0 = Release|ARM
		{736CC905-FFC7-4C9D-9A2D-F4CC11F14DF6}.Release|ARM.Deploy.0 = Release|ARM
		{736CC905-FFC7-4C9D-9A2D-F4CC11F14DF6}.Release|iPhone.ActiveCfg = Release|Any CPU
		{736CC905-FFC7-4C9D-9A2D-F4CC11F14DF6}.Release|iPhone.Build.0 = Release|Any CPU
		{736CC905-FFC7-4C9D-9A2D-F4CC11F14DF6}.Release|iPhone.Deploy.0 = Release|Any CPU
		{736CC905-FFC7-4C9D-9A2D-F4CC11F14DF6}.Release|iPhoneSimulator.ActiveCfg = Release|Any CPU
		{736CC905-FFC7-4C9D-9A2D-F4CC11F14DF6}.Release|iPhoneSimulator.Build.0 = Release|Any CPU
		{736CC905-FFC7-4C9D-9A2D-F4CC11F14DF6}.Release|iPhoneSimulator.Deploy.0 = Release|Any CPU
		{736CC905-FFC7-4C9D-9A2D-F4CC11F14DF6}.Release|x64.ActiveCfg = Release|x64
		{736CC905-FFC7-4C9D-9A2D-F4CC11F14DF6}.Release|x64.Build.0 = Release|x64
		{736CC905-FFC7-4C9D-9A2D-F4CC11F14DF6}.Release|x64.Deploy.0 = Release|x64
		{736CC905-FFC7-4C9D-9A2D-F4CC11F14DF6}.Release|x86.ActiveCfg = Release|x86
		{736CC905-FFC7-4C9D-9A2D-F4CC11F14DF6}.Release|x86.Build.0 = Release|x86
		{736CC905-FFC7-4C9D-9A2D-F4CC11F14DF6}.Release|x86.Deploy.0 = Release|x86
		{CD8A647F-6056-49B0-B093-98150D4E2F94}.Ad-Hoc|Any CPU.ActiveCfg = Release|Any CPU
		{CD8A647F-6056-49B0-B093-98150D4E2F94}.Ad-Hoc|Any CPU.Build.0 = Release|Any CPU
		{CD8A647F-6056-49B0-B093-98150D4E2F94}.Ad-Hoc|ARM.ActiveCfg = Release|Any CPU
		{CD8A647F-6056-49B0-B093-98150D4E2F94}.Ad-Hoc|ARM.Build.0 = Release|Any CPU
		{CD8A647F-6056-49B0-B093-98150D4E2F94}.Ad-Hoc|iPhone.ActiveCfg = Release|Any CPU
		{CD8A647F-6056-49B0-B093-98150D4E2F94}.Ad-Hoc|iPhone.Build.0 = Release|Any CPU
		{CD8A647F-6056-49B0-B093-98150D4E2F94}.Ad-Hoc|iPhoneSimulator.ActiveCfg = Release|Any CPU
		{CD8A647F-6056-49B0-B093-98150D4E2F94}.Ad-Hoc|iPhoneSimulator.Build.0 = Release|Any CPU
		{CD8A647F-6056-49B0-B093-98150D4E2F94}.Ad-Hoc|x64.ActiveCfg = Release|Any CPU
		{CD8A647F-6056-49B0-B093-98150D4E2F94}.Ad-Hoc|x64.Build.0 = Release|Any CPU
		{CD8A647F-6056-49B0-B093-98150D4E2F94}.Ad-Hoc|x86.ActiveCfg = Release|Any CPU
		{CD8A647F-6056-49B0-B093-98150D4E2F94}.Ad-Hoc|x86.Build.0 = Release|Any CPU
		{CD8A647F-6056-49B0-B093-98150D4E2F94}.AppStore|Any CPU.ActiveCfg = Release|Any CPU
		{CD8A647F-6056-49B0-B093-98150D4E2F94}.AppStore|Any CPU.Build.0 = Release|Any CPU
		{CD8A647F-6056-49B0-B093-98150D4E2F94}.AppStore|ARM.ActiveCfg = Release|Any CPU
		{CD8A647F-6056-49B0-B093-98150D4E2F94}.AppStore|ARM.Build.0 = Release|Any CPU
		{CD8A647F-6056-49B0-B093-98150D4E2F94}.AppStore|iPhone.ActiveCfg = Release|Any CPU
		{CD8A647F-6056-49B0-B093-98150D4E2F94}.AppStore|iPhone.Build.0 = Release|Any CPU
		{CD8A647F-6056-49B0-B093-98150D4E2F94}.AppStore|iPhoneSimulator.ActiveCfg = Release|Any CPU
		{CD8A647F-6056-49B0-B093-98150D4E2F94}.AppStore|iPhoneSimulator.Build.0 = Release|Any CPU
		{CD8A647F-6056-49B0-B093-98150D4E2F94}.AppStore|x64.ActiveCfg = Release|Any CPU
		{CD8A647F-6056-49B0-B093-98150D4E2F94}.AppStore|x64.Build.0 = Release|Any CPU
		{CD8A647F-6056-49B0-B093-98150D4E2F94}.AppStore|x86.ActiveCfg = Release|Any CPU
		{CD8A647F-6056-49B0-B093-98150D4E2F94}.AppStore|x86.Build.0 = Release|Any CPU
		{CD8A647F-6056-49B0-B093-98150D4E2F94}.Debug|Any CPU.ActiveCfg = Debug|Any CPU
		{CD8A647F-6056-49B0-B093-98150D4E2F94}.Debug|Any CPU.Build.0 = Debug|Any CPU
		{CD8A647F-6056-49B0-B093-98150D4E2F94}.Debug|ARM.ActiveCfg = Debug|Any CPU
		{CD8A647F-6056-49B0-B093-98150D4E2F94}.Debug|ARM.Build.0 = Debug|Any CPU
		{CD8A647F-6056-49B0-B093-98150D4E2F94}.Debug|iPhone.ActiveCfg = Debug|Any CPU
		{CD8A647F-6056-49B0-B093-98150D4E2F94}.Debug|iPhone.Build.0 = Debug|Any CPU
		{CD8A647F-6056-49B0-B093-98150D4E2F94}.Debug|iPhoneSimulator.ActiveCfg = Debug|Any CPU
		{CD8A647F-6056-49B0-B093-98150D4E2F94}.Debug|iPhoneSimulator.Build.0 = Debug|Any CPU
		{CD8A647F-6056-49B0-B093-98150D4E2F94}.Debug|x64.ActiveCfg = Debug|Any CPU
		{CD8A647F-6056-49B0-B093-98150D4E2F94}.Debug|x64.Build.0 = Debug|Any CPU
		{CD8A647F-6056-49B0-B093-98150D4E2F94}.Debug|x86.ActiveCfg = Debug|Any CPU
		{CD8A647F-6056-49B0-B093-98150D4E2F94}.Debug|x86.Build.0 = Debug|Any CPU
		{CD8A647F-6056-49B0-B093-98150D4E2F94}.Gorilla|Any CPU.ActiveCfg = Gorilla|Any CPU
		{CD8A647F-6056-49B0-B093-98150D4E2F94}.Gorilla|Any CPU.Build.0 = Gorilla|Any CPU
		{CD8A647F-6056-49B0-B093-98150D4E2F94}.Gorilla|ARM.ActiveCfg = Gorilla|Any CPU
		{CD8A647F-6056-49B0-B093-98150D4E2F94}.Gorilla|ARM.Build.0 = Gorilla|Any CPU
		{CD8A647F-6056-49B0-B093-98150D4E2F94}.Gorilla|iPhone.ActiveCfg = Gorilla|Any CPU
		{CD8A647F-6056-49B0-B093-98150D4E2F94}.Gorilla|iPhone.Build.0 = Gorilla|Any CPU
		{CD8A647F-6056-49B0-B093-98150D4E2F94}.Gorilla|iPhoneSimulator.ActiveCfg = Gorilla|Any CPU
		{CD8A647F-6056-49B0-B093-98150D4E2F94}.Gorilla|iPhoneSimulator.Build.0 = Gorilla|Any CPU
		{CD8A647F-6056-49B0-B093-98150D4E2F94}.Gorilla|x64.ActiveCfg = Gorilla|Any CPU
		{CD8A647F-6056-49B0-B093-98150D4E2F94}.Gorilla|x64.Build.0 = Gorilla|Any CPU
		{CD8A647F-6056-49B0-B093-98150D4E2F94}.Gorilla|x86.ActiveCfg = Gorilla|Any CPU
		{CD8A647F-6056-49B0-B093-98150D4E2F94}.Gorilla|x86.Build.0 = Gorilla|Any CPU
		{CD8A647F-6056-49B0-B093-98150D4E2F94}.Release|Any CPU.ActiveCfg = Release|Any CPU
		{CD8A647F-6056-49B0-B093-98150D4E2F94}.Release|Any CPU.Build.0 = Release|Any CPU
		{CD8A647F-6056-49B0-B093-98150D4E2F94}.Release|ARM.ActiveCfg = Release|Any CPU
		{CD8A647F-6056-49B0-B093-98150D4E2F94}.Release|ARM.Build.0 = Release|Any CPU
		{CD8A647F-6056-49B0-B093-98150D4E2F94}.Release|iPhone.ActiveCfg = Release|Any CPU
		{CD8A647F-6056-49B0-B093-98150D4E2F94}.Release|iPhone.Build.0 = Release|Any CPU
		{CD8A647F-6056-49B0-B093-98150D4E2F94}.Release|iPhoneSimulator.ActiveCfg = Release|Any CPU
		{CD8A647F-6056-49B0-B093-98150D4E2F94}.Release|iPhoneSimulator.Build.0 = Release|Any CPU
		{CD8A647F-6056-49B0-B093-98150D4E2F94}.Release|x64.ActiveCfg = Release|Any CPU
		{CD8A647F-6056-49B0-B093-98150D4E2F94}.Release|x64.Build.0 = Release|Any CPU
		{CD8A647F-6056-49B0-B093-98150D4E2F94}.Release|x86.ActiveCfg = Release|Any CPU
		{CD8A647F-6056-49B0-B093-98150D4E2F94}.Release|x86.Build.0 = Release|Any CPU
	EndGlobalSection
	GlobalSection(SolutionProperties) = preSolution
		HideSolutionNode = FALSE
	EndGlobalSection
EndGlobal
